{
  "version": 4,
  "terraform_version": "1.8.4",
  "serial": 711,
  "lineage": "6d5114f6-fedc-1720-7bb0-c8b0a61ebb14",
  "outputs": {
    "aws_cloudwatch_log_group_arn": {
      "value": "arn:aws:logs:ap-southeast-1:297867106429:log-group:/aws/batch/Perseverance/import-moon-lander/dev",
      "type": "string"
    },
    "batch_job_definition_arn": {
      "value": "arn:aws:batch:ap-southeast-1:297867106429:job-definition/import-moon-lander-dev-Perseverance:6",
      "type": "string"
    },
    "codebuild_arn": {
      "value": [
        "arn:aws:codebuild:ap-southeast-1:297867106429:project/regov-build"
      ],
      "type": [
        "tuple",
        [
          "string"
        ]
      ]
    },
    "codebuild_name": {
      "value": [
        "regov-build"
      ],
      "type": [
        "tuple",
        [
          "string"
        ]
      ]
    },
    "codecommit_arn": {
      "value": "arn:aws:codecommit:ap-southeast-1:297867106429:terraform-sample-repo",
      "type": "string"
    },
    "codecommit_name": {
      "value": "terraform-sample-repo",
      "type": "string"
    },
    "codecommit_url": {
      "value": "https://git-codecommit.ap-southeast-1.amazonaws.com/v1/repos/terraform-sample-repo",
      "type": "string"
    },
    "codepipeline_arn": {
      "value": "arn:aws:codepipeline:ap-southeast-1:297867106429:regov-pipeline",
      "type": "string"
    },
    "codepipeline_name": {
      "value": "regov-pipeline",
      "type": "string"
    },
    "compute_environment_arn": {
      "value": "arn:aws:ecs:ap-southeast-1:297867106429:cluster/import-moon-lander-dev-Perseverance_Batch_6252276a-16a5-3362-abb2-762360428d62",
      "type": "string"
    },
    "compute_environment_ecs_cluster_arn": {
      "value": "arn:aws:batch:ap-southeast-1:297867106429:compute-environment/import-moon-lander-dev-Perseverance",
      "type": "string"
    },
    "compute_environment_status": {
      "value": "VALID",
      "type": "string"
    },
    "ecs_task_execution_role_arn": {
      "value": "arn:aws:iam::297867106429:role/ecs_instance_role-dev",
      "type": "string"
    },
    "iam_arn": {
      "value": "arn:aws:iam::297867106429:role/regov-codepipeline-role",
      "type": "string"
    },
    "job_queue_arn": {
      "value": "arn:aws:batch:ap-southeast-1:297867106429:job-queue/import-moon-lander-dev-Perseverance",
      "type": "string"
    },
    "kms_arn": {
      "value": "arn:aws:kms:ap-southeast-1:297867106429:key/d3718ca9-15a6-4a84-bebe-88883ab6c7d2",
      "type": "string"
    },
    "repository_arn": {
      "value": "arn:aws:ecr:ap-southeast-1:297867106429:repository/test-batch-job",
      "type": "string"
    },
    "repository_url": {
      "value": "297867106429.dkr.ecr.ap-southeast-1.amazonaws.com/test-batch-job",
      "type": "string"
    },
    "s3_arn": {
      "value": "arn:aws:s3:::hari-regov-1234520240526185225296400000001",
      "type": "string"
    },
    "s3_bucket_name": {
      "value": "hari-regov-1234520240526185225296400000001",
      "type": "string"
    }
  },
  "resources": [
    {
      "mode": "data",
      "type": "aws_caller_identity",
      "name": "current",
      "provider": "provider[\"registry.terraform.io/hashicorp/aws\"]",
      "instances": [
        {
          "schema_version": 0,
          "attributes": {
            "account_id": "297867106429",
            "arn": "arn:aws:iam::297867106429:user/terraform",
            "id": "297867106429",
            "user_id": "AIDAUKWSDLB6SLDTUS4N4"
          },
          "sensitive_attributes": []
        }
      ]
    },
    {
      "mode": "data",
      "type": "aws_region",
      "name": "current",
      "provider": "provider[\"registry.terraform.io/hashicorp/aws\"]",
      "instances": [
        {
          "schema_version": 0,
          "attributes": {
            "description": "Asia Pacific (Singapore)",
            "endpoint": "ec2.ap-southeast-1.amazonaws.com",
            "id": "ap-southeast-1",
            "name": "ap-southeast-1"
          },
          "sensitive_attributes": []
        }
      ]
    },
    {
      "module": "module.batch_fargate",
      "mode": "data",
      "type": "aws_caller_identity",
      "name": "this",
      "provider": "provider[\"registry.terraform.io/hashicorp/aws\"]",
      "instances": [
        {
          "schema_version": 0,
          "attributes": {
            "account_id": "297867106429",
            "arn": "arn:aws:iam::297867106429:user/terraform",
            "id": "297867106429",
            "user_id": "AIDAUKWSDLB6SLDTUS4N4"
          },
          "sensitive_attributes": []
        }
      ]
    },
    {
      "module": "module.batch_fargate",
      "mode": "data",
      "type": "aws_ecr_authorization_token",
      "name": "token",
      "provider": "provider[\"registry.terraform.io/hashicorp/aws\"]",
      "instances": [
        {
          "schema_version": 0,
          "attributes": {
            "authorization_token": "QVdTOmV5SndZWGxzYjJGa0lqb2lPRWRPZDBGNlJrZGxiV2hSZDFsc1J6ZGpOek5IUm14RU1YaEJSRzF6VDJseVVHb3ZjblUwV2tKRWFVdzRWamM1Vm5GcFZuRm9iQ3N2ZG1jclpVMVlaRXBKTkcxR2FFRlBPRmR0ZUhKR2RqUTNZalJrYTJoaFFXZFpWVWhrWkhSNlkyeERWMmsyUVhkc1kzWlJUMGt2U0V4Mk4wZG1kM3A1WlRRNE5tMDVaekkxWmpSYU5VMXRkWGh1TVZoMk5ITm5OWFZxUzNOdlNHeElPRVE1Vm1RMWIyWXdiemQ0YWpkTmNWRXZZbkp0WlV4RlRUQXplVzFxUVhSRk1YUTBka292ZFVoSFZXbHZUWFp0YUhSRmFtUlZiblJOTXpRNVFYaEdSR2N3VEdvNVEydHNjME5DTkRkVVpVUldaMWh1YVZWTVlXOXJUa00wWm1KNmNESTNaa1ZSWkV4TmRsRk1VRE5ZZDJOa0wydHBkSEZoUzAxcUsxcDRTbTF2U0cxQ1FWcDVTakZQUjFONk9VdHFXRlpEWkhaSFQxZFBMMXA0YzJZcmFrbFFVM2x6YWpOdFFWRXdVaXRpYlVvME56SjJPRmN5U1RkV1dsbE5WSEZFYWtGc1IxUXdhak1yWm1kbVJ6ZENVa3RzU2tWQ05qTnBVekZJTWpSS1NUZHhhRGxvUVRKQ1ltVlhWVXBDU3pGQmRrRnlkbmRwY0VkbGJ5czBVa3BtY0RCR1dYQm9lVkF3U0ZCVUswbFlRVWRQTmpGeVdYWnBXR2xDUVd4dFQxSnNaRFp5UWpZd2VqRlZaV2xPYm5ocmIzWnpjRFpNYjBONlNsVjZkVzVZUjBSNVdUZHpWSGRTVEhkcmMzQlRUekpTWkhkSlVXNVdXbEpvVEVkNWRqTjBlQ3RHWlRSV1JrbEZZMVYyZERNeFNITlNVbGR4WlhoQlprMTNNM3BKYVZoSVQxZHlWekUyU25wS1VVNDVNRlU1V0c0MGNWaGhWVUUwTUdGV01UZHZaU3Q1YVV0QlVXNWhlVk5zV0M5aGVYcHFjek4zU2pscFIwTXZTalpqWTFOU2JtZHNSV0ZTZFVab09IRlZUV1ZpUzI1SFNHRlVhVzV0TTFwRmVsa3pkMGhDVjFWeGVrTjZRV0pVYjI5YVVrdDVWbmhvYm5rckx6UXlVbFJOYkN0clNsSlBWREkxY21oMFNHeFlXRWhWV0c1dlpGSk5kbXBWV1ZZdlR5dHlZMmd2VUROWGRqYzVXa1JRZFRsd1ZqSkVUV3gwVm5WTWRrUkRWSFZVVlhaYVVUVldOVEY1V2tOdVJrcEZjMWwyYXk5TVJHeDVZalJRV0V3ck4ya3dkR2xuY2s1amVWVjBUelJKWlRGVlZqVlZjVGxWTkZKdFFtVm1SMVJhWm5kMk16QlZkRzFRTnpWMWVrRkZRMFJWTW5KdGR6VTRNM0ZVWlZCTlRsSkxUM0FyUWtwUGR6QlZVa056TjBRd2RGZzNjblJPYlZveFRVZzBLelIyVEdodWFHMVdlRW8zUkU5NU5tVllRVzB3ZUdkNVEyWTRjR2hNWTNKTFNuZE1TSHB4T1VReGIxZGlWVk54U1hWVVNtaFdiVE5UTVdRMk5GSnFjMmRzV0dSdFUxQk1ibTlLUm5kTFowbHNlVzl6ZGpoUVZtbDNUMkZMVjAxWVpDODRRVGdyWXpaVlFWVnBjMVZIV2pCWFJYcHpSR2xNUTA0M2J6VXZXR2R6VkhvNFptOWlXR2xsVG1weFZWVlBORFJtTmtONlpuRldRU3RxVnpVNWIxZHRNV0V5WVVSVU1FdG1VRXRNVldVMVkwMWpRekY0VWs5TlprSkhUVEZ3UkZFclNVTXhNR0pEUVZWaE9Fc3JXSGh4ZWtGSk16QlBORDBpTENKa1lYUmhhMlY1SWpvaVFWRkZRa0ZJYVdSRmNscERabWhMVDJWRVRUQTRLMk5RTldaMGVXcDJVVGxZVFUxVFVUUndTekJHV201MlFWcFlTbWRCUVVGSU5IZG1RVmxLUzI5YVNXaDJZMDVCVVdOSGIwYzRkMkpSU1VKQlJFSnZRbWRyY1docmFVYzVkekJDUW5kRmQwaG5XVXBaU1ZwSlFWZFZSRUpCUlhWTlFrVkZSRXBuTWpWVVdqZG9NWFZZTmtFeWNtSkJTVUpGU1VFM1RERXpXbGRtU0dGblVtdGlWMEZ2ZEZSdE1YVjJiM2R0VUdOa1NpOUlNQzh6ZVdWcGVYTkVNMlIzYmxsUFkxVjFZM1JJU2xkeFpIUkNNbTlVZW5aaU5XeEpLM1I2WmpCc1QzSTNhbXRQWnowaUxDSjJaWEp6YVc5dUlqb2lNaUlzSW5SNWNHVWlPaUpFUVZSQlgwdEZXU0lzSW1WNGNHbHlZWFJwYjI0aU9qRTNNVFkzT1RJM05ERjk=",
            "expires_at": "2024-05-27T06:52:21Z",
            "id": "ap-southeast-1",
            "password": "eyJwYXlsb2FkIjoiOEdOd0F6RkdlbWhRd1lsRzdjNzNHRmxEMXhBRG1zT2lyUGovcnU0WkJEaUw4Vjc5VnFpVnFobCsvdmcrZU1YZEpJNG1GaEFPOFdteHJGdjQ3YjRka2hhQWdZVUhkZHR6Y2xDV2k2QXdsY3ZRT0kvSEx2N0dmd3p5ZTQ4Nm05ZzI1ZjRaNU1tdXhuMVh2NHNnNXVqS3NvSGxIOEQ5VmQ1b2Ywbzd4ajdNcVEvYnJtZUxFTTAzeW1qQXRFMXQ0dkovdUhHVWlvTXZtaHRFamRVbnRNMzQ5QXhGRGcwTGo5Q2tsc0NCNDdUZURWZ1huaVVMYW9rTkM0ZmJ6cDI3ZkVRZExNdlFMUDNYd2NkL2tpdHFhS01qK1p4Sm1vSG1CQVp5SjFPR1N6OUtqWFZDZHZHT1dPL1p4c2YraklQU3lzajNtQVEwUitibUo0NzJ2OFcySTdWWllNVHFEakFsR1QwajMrZmdmRzdCUktsSkVCNjNpUzFIMjRKSTdxaDloQTJCYmVXVUpCSzFBdkFydndpcEdlbys0UkpmcDBGWXBoeVAwSFBUK0lYQUdPNjFyWXZpWGlCQWxtT1JsZDZyQjYwejFVZWlObnhrb3ZzcDZMb0N6SlV6dW5YR0R5WTdzVHdSTHdrc3BTTzJSZHdJUW5WWlJoTEd5djN0eCtGZTRWRklFY1V2dDMxSHNSUldxZXhBZk13M3pJaVhIT1dyVzE2SnpKUU45MFU5WG40cVhhVUE0MGFWMTdvZSt5aUtBUW5heVNsWC9heXpqczN3SjlpR0MvSjZjY1NSbmdsRWFSdUZoOHFVTWViS25HSGFUaW5tM1pFelkzd0hCV1VxekN6QWJUb29aUkt5VnhobnkrLzQyUlRNbCtrSlJPVDI1cmh0SGxYWEhVWG5vZFJNdmpVWVYvTytyY2gvUDNXdjc5WkRQdTlwVjJETWx0VnVMdkRDVHVUVXZaUTVWNTF5WkNuRkpFc1l2ay9MRGx5YjRQWEwrN2kwdGlnck5jeVV0TzRJZTFVVjVVcTlVNFJtQmVmR1RaZnd2MzBVdG1QNzV1ekFFQ0RVMnJtdzU4M3FUZVBNTlJLT3ArQkpPdzBVUkNzN0QwdFg3cnRObVoxTUg0KzR2TGhuaG1WeEo3RE95NmVYQW0weGd5Q2Y4cGhMY3JLSndMSHpxOUQxb1diVVNxSXVUSmhWbTNTMWQ2NFJqc2dsWGRtU1BMbm9KRndLZ0lseW9zdjhQVml3T2FLV01YZC84QTgrYzZVQVVpc1VHWjBXRXpzRGlMQ043bzUvWGdzVHo4Zm9iWGllTmpxVVVPNDRmNkN6ZnFWQStqVzU5b1dtMWEyYURUMEtmUEtMVWU1Y01jQzF4Uk9NZkJHTTFwRFErSUMxMGJDQVVhOEsrWHhxekFJMzBPND0iLCJkYXRha2V5IjoiQVFFQkFIaWRFclpDZmhLT2VETTA4K2NQNWZ0eWp2UTlYTU1TUTRwSzBGWm52QVpYSmdBQUFINHdmQVlKS29aSWh2Y05BUWNHb0c4d2JRSUJBREJvQmdrcWhraUc5dzBCQndFd0hnWUpZSVpJQVdVREJBRXVNQkVFREpnMjVUWjdoMXVYNkEycmJBSUJFSUE3TDEzWldmSGFnUmtiV0FvdFRtMXV2b3dtUGNkSi9IMC8zeWVpeXNEM2R3bllPY1V1Y3RISldxZHRCMm9UenZiNWxJK3R6ZjBsT3I3amtPZz0iLCJ2ZXJzaW9uIjoiMiIsInR5cGUiOiJEQVRBX0tFWSIsImV4cGlyYXRpb24iOjE3MTY3OTI3NDF9",
            "proxy_endpoint": "https://297867106429.dkr.ecr.ap-southeast-1.amazonaws.com",
            "registry_id": null,
            "user_name": "AWS"
          },
          "sensitive_attributes": [
            [
              {
                "type": "get_attr",
                "value": "authorization_token"
              }
            ],
            [
              {
                "type": "get_attr",
                "value": "password"
              }
            ]
          ]
        }
      ]
    },
    {
      "module": "module.batch_fargate",
      "mode": "data",
      "type": "aws_region",
      "name": "current",
      "provider": "provider[\"registry.terraform.io/hashicorp/aws\"]",
      "instances": [
        {
          "schema_version": 0,
          "attributes": {
            "description": "Asia Pacific (Singapore)",
            "endpoint": "ec2.ap-southeast-1.amazonaws.com",
            "id": "ap-southeast-1",
            "name": "ap-southeast-1"
          },
          "sensitive_attributes": []
        }
      ]
    },
    {
      "module": "module.batch_fargate",
      "mode": "managed",
      "type": "aws_batch_compute_environment",
      "name": "compute_environment",
      "provider": "provider[\"registry.terraform.io/hashicorp/aws\"]",
      "instances": [
        {
          "schema_version": 0,
          "attributes": {
            "arn": "arn:aws:batch:ap-southeast-1:297867106429:compute-environment/import-moon-lander-dev-Perseverance",
            "compute_environment_name": "import-moon-lander-dev-Perseverance",
            "compute_environment_name_prefix": "",
            "compute_resources": [
              {
                "allocation_strategy": "",
                "bid_percentage": 0,
                "desired_vcpus": 0,
                "ec2_configuration": [],
                "ec2_key_pair": "",
                "image_id": "",
                "instance_role": "",
                "instance_type": null,
                "launch_template": [],
                "max_vcpus": 16,
                "min_vcpus": 0,
                "placement_group": "",
                "security_group_ids": [
                  "sg-0bf72da56a45fb6ab"
                ],
                "spot_iam_fleet_role": "",
                "subnets": [
                  "subnet-0189fa39ea07fa487",
                  "subnet-04566c9f25ba6e6ed",
                  "subnet-0daedf98fa6a25f00"
                ],
                "tags": null,
                "type": "FARGATE"
              }
            ],
            "ecs_cluster_arn": "arn:aws:ecs:ap-southeast-1:297867106429:cluster/import-moon-lander-dev-Perseverance_Batch_6252276a-16a5-3362-abb2-762360428d62",
            "eks_configuration": [],
            "id": "import-moon-lander-dev-Perseverance",
            "service_role": "arn:aws:iam::297867106429:role/batch-service-role-dev",
            "state": "ENABLED",
            "status": "VALID",
            "status_reason": "ComputeEnvironment Healthy",
            "tags": {
              "app": "Perseverance",
              "component": "import-moon-lander",
              "environment": "dev"
            },
            "tags_all": {
              "app": "Perseverance",
              "component": "import-moon-lander",
              "environment": "dev"
            },
            "type": "MANAGED",
            "update_policy": []
          },
          "sensitive_attributes": [],
          "private": "bnVsbA==",
          "dependencies": [
            "module.batch_fargate.aws_iam_role.batch_service_role",
            "module.batch_fargate.aws_security_group.batch_fargate_sg",
            "module.batch_fargate.aws_subnet.private_subnets",
            "module.batch_fargate.aws_vpc.main"
          ]
        }
      ]
    },
    {
      "module": "module.batch_fargate",
      "mode": "managed",
      "type": "aws_batch_job_definition",
      "name": "batch_job_definition",
      "provider": "provider[\"registry.terraform.io/hashicorp/aws\"]",
      "instances": [
        {
          "schema_version": 0,
          "attributes": {
            "arn": "arn:aws:batch:ap-southeast-1:297867106429:job-definition/import-moon-lander-dev-Perseverance:6",
            "arn_prefix": "arn:aws:batch:ap-southeast-1:297867106429:job-definition/import-moon-lander-dev-Perseverance",
            "container_properties": "{\"command\":[\"python\",\"main.py\"],\"environment\":[{\"name\":\"TEST\",\"value\":\"beta\"},{\"name\":\"MISSION-MARS\",\"value\":\"THis is good\"}],\"executionRoleArn\":\"arn:aws:iam::297867106429:role/ecs_instance_role-dev\",\"fargatePlatformConfiguration\":{\"platformVersion\":\"LATEST\"},\"image\":\"297867106429.dkr.ecr.ap-south-1.amazonaws.com/test-batch-job:latest\",\"logConfiguration\":{\"logDriver\":\"awslogs\",\"options\":{\"awslogs-group\":\"/aws/batch/Perseverance/import-moon-lander/dev\",\"awslogs-region\":\"ap-southeast-1\"},\"secretOptions\":[]},\"mountPoints\":[],\"networkConfiguration\":{\"assignPublicIp\":\"ENABLED\"},\"resourceRequirements\":[{\"type\":\"VCPU\",\"value\":\"0.25\"},{\"type\":\"MEMORY\",\"value\":\"512\"}],\"secrets\":[],\"ulimits\":[],\"volumes\":[]}",
            "deregister_on_new_revision": true,
            "eks_properties": [],
            "id": "arn:aws:batch:ap-southeast-1:297867106429:job-definition/import-moon-lander-dev-Perseverance:6",
            "name": "import-moon-lander-dev-Perseverance",
            "node_properties": "",
            "parameters": null,
            "platform_capabilities": [
              "FARGATE"
            ],
            "propagate_tags": false,
            "retry_strategy": [],
            "revision": 6,
            "scheduling_priority": 0,
            "tags": {
              "app": "Perseverance",
              "component": "import-moon-lander",
              "environment": "dev"
            },
            "tags_all": {
              "app": "Perseverance",
              "component": "import-moon-lander",
              "environment": "dev"
            },
            "timeout": [],
            "type": "container"
          },
          "sensitive_attributes": [],
          "private": "bnVsbA==",
          "dependencies": [
            "module.batch_fargate.aws_cloudwatch_log_group.batch_log_group",
            "module.batch_fargate.aws_iam_role.ecs_task_execution_role",
            "module.batch_fargate.data.aws_region.current"
          ]
        }
      ]
    },
    {
      "module": "module.batch_fargate",
      "mode": "managed",
      "type": "aws_batch_job_queue",
      "name": "job_queue",
      "provider": "provider[\"registry.terraform.io/hashicorp/aws\"]",
      "instances": [
        {
          "schema_version": 1,
          "attributes": {
            "arn": "arn:aws:batch:ap-southeast-1:297867106429:job-queue/import-moon-lander-dev-Perseverance",
            "compute_environment_order": [],
            "compute_environments": [
              "arn:aws:batch:ap-southeast-1:297867106429:compute-environment/import-moon-lander-dev-Perseverance"
            ],
            "id": "arn:aws:batch:ap-southeast-1:297867106429:job-queue/import-moon-lander-dev-Perseverance",
            "name": "import-moon-lander-dev-Perseverance",
            "priority": 1,
            "scheduling_policy_arn": null,
            "state": "ENABLED",
            "tags": {
              "app": "Perseverance",
              "component": "import-moon-lander",
              "environment": "dev"
            },
            "tags_all": {
              "app": "Perseverance",
              "component": "import-moon-lander",
              "environment": "dev"
            },
            "timeouts": null
          },
          "sensitive_attributes": [],
          "dependencies": [
            "module.batch_fargate.aws_batch_compute_environment.compute_environment",
            "module.batch_fargate.aws_iam_role.batch_service_role",
            "module.batch_fargate.aws_security_group.batch_fargate_sg",
            "module.batch_fargate.aws_subnet.private_subnets",
            "module.batch_fargate.aws_vpc.main"
          ]
        }
      ]
    },
    {
      "module": "module.batch_fargate",
      "mode": "managed",
      "type": "aws_cloudwatch_event_rule",
      "name": "schedule",
      "provider": "provider[\"registry.terraform.io/hashicorp/aws\"]",
      "instances": [
        {
          "schema_version": 1,
          "attributes": {
            "arn": "arn:aws:events:ap-southeast-1:297867106429:rule/import-moon-lander-dev-Perseverance",
            "description": "Event Rule to trigger batch job",
            "event_bus_name": "default",
            "event_pattern": null,
            "force_destroy": false,
            "id": "import-moon-lander-dev-Perseverance",
            "is_enabled": true,
            "name": "import-moon-lander-dev-Perseverance",
            "name_prefix": "",
            "role_arn": "arn:aws:iam::297867106429:role/event_rule_batch-execution-role-dev",
            "schedule_expression": "cron(0/5 * * * ? *)",
            "state": "ENABLED",
            "tags": {
              "app": "Perseverance",
              "component": "import-moon-lander",
              "environment": "dev"
            },
            "tags_all": {
              "app": "Perseverance",
              "component": "import-moon-lander",
              "environment": "dev"
            }
          },
          "sensitive_attributes": [],
          "private": "eyJzY2hlbWFfdmVyc2lvbiI6IjEifQ==",
          "dependencies": [
            "module.batch_fargate.aws_iam_role.event_rule_batch_execution_role"
          ]
        }
      ]
    },
    {
      "module": "module.batch_fargate",
      "mode": "managed",
      "type": "aws_cloudwatch_event_target",
      "name": "batch_event_target",
      "provider": "provider[\"registry.terraform.io/hashicorp/aws\"]",
      "instances": [
        {
          "schema_version": 1,
          "attributes": {
            "arn": "arn:aws:batch:ap-southeast-1:297867106429:job-queue/import-moon-lander-dev-Perseverance",
            "batch_target": [
              {
                "array_size": 0,
                "job_attempts": 0,
                "job_definition": "arn:aws:batch:ap-southeast-1:297867106429:job-definition/import-moon-lander-dev-Perseverance:6",
                "job_name": "import-moon-lander-dev-Perseverance"
              }
            ],
            "dead_letter_config": [],
            "ecs_target": [],
            "event_bus_name": "default",
            "force_destroy": false,
            "http_target": [],
            "id": "import-moon-lander-dev-Perseverance-Batch",
            "input": "",
            "input_path": "",
            "input_transformer": [],
            "kinesis_target": [],
            "redshift_target": [],
            "retry_policy": [],
            "role_arn": "arn:aws:iam::297867106429:role/event_rule_batch-execution-role-dev",
            "rule": "import-moon-lander-dev-Perseverance",
            "run_command_targets": [],
            "sagemaker_pipeline_target": [],
            "sqs_target": [],
            "target_id": "Batch"
          },
          "sensitive_attributes": [],
          "private": "eyJzY2hlbWFfdmVyc2lvbiI6IjEifQ==",
          "dependencies": [
            "module.batch_fargate.aws_batch_compute_environment.compute_environment",
            "module.batch_fargate.aws_batch_job_definition.batch_job_definition",
            "module.batch_fargate.aws_batch_job_queue.job_queue",
            "module.batch_fargate.aws_cloudwatch_event_rule.schedule",
            "module.batch_fargate.aws_cloudwatch_log_group.batch_log_group",
            "module.batch_fargate.aws_iam_role.batch_service_role",
            "module.batch_fargate.aws_iam_role.ecs_task_execution_role",
            "module.batch_fargate.aws_iam_role.event_rule_batch_execution_role",
            "module.batch_fargate.aws_security_group.batch_fargate_sg",
            "module.batch_fargate.aws_subnet.private_subnets",
            "module.batch_fargate.aws_vpc.main",
            "module.batch_fargate.data.aws_region.current"
          ]
        }
      ]
    },
    {
      "module": "module.batch_fargate",
      "mode": "managed",
      "type": "aws_cloudwatch_log_group",
      "name": "batch_log_group",
      "provider": "provider[\"registry.terraform.io/hashicorp/aws\"]",
      "instances": [
        {
          "schema_version": 0,
          "attributes": {
            "arn": "arn:aws:logs:ap-southeast-1:297867106429:log-group:/aws/batch/Perseverance/import-moon-lander/dev",
            "id": "/aws/batch/Perseverance/import-moon-lander/dev",
            "kms_key_id": "",
            "log_group_class": "STANDARD",
            "name": "/aws/batch/Perseverance/import-moon-lander/dev",
            "name_prefix": "",
            "retention_in_days": 30,
            "skip_destroy": false,
            "tags": null,
            "tags_all": {}
          },
          "sensitive_attributes": [],
          "private": "bnVsbA=="
        }
      ]
    },
    {
      "module": "module.batch_fargate",
      "mode": "managed",
      "type": "aws_ecr_lifecycle_policy",
      "name": "ecr_lifecycle_policy",
      "provider": "provider[\"registry.terraform.io/hashicorp/aws\"]",
      "instances": [
        {
          "schema_version": 0,
          "attributes": {
            "id": "test-batch-job",
            "policy": "{\"rules\":[{\"action\":{\"type\":\"expire\"},\"description\":\"Only keep 8 images\",\"rulePriority\":1,\"selection\":{\"countNumber\":8,\"countType\":\"imageCountMoreThan\",\"tagStatus\":\"any\"}}]}",
            "registry_id": "297867106429",
            "repository": "test-batch-job"
          },
          "sensitive_attributes": [],
          "private": "bnVsbA==",
          "dependencies": [
            "module.batch_fargate.aws_ecr_repository.compute_image"
          ]
        }
      ]
    },
    {
      "module": "module.batch_fargate",
      "mode": "managed",
      "type": "aws_ecr_repository",
      "name": "compute_image",
      "provider": "provider[\"registry.terraform.io/hashicorp/aws\"]",
      "instances": [
        {
          "schema_version": 0,
          "attributes": {
            "arn": "arn:aws:ecr:ap-southeast-1:297867106429:repository/test-batch-job",
            "encryption_configuration": [
              {
                "encryption_type": "AES256",
                "kms_key": ""
              }
            ],
            "force_delete": null,
            "id": "test-batch-job",
            "image_scanning_configuration": [
              {
                "scan_on_push": true
              }
            ],
            "image_tag_mutability": "MUTABLE",
            "name": "test-batch-job",
            "registry_id": "297867106429",
            "repository_url": "297867106429.dkr.ecr.ap-southeast-1.amazonaws.com/test-batch-job",
            "tags": {
              "app": "Perseverance",
              "component": "import-moon-lander",
              "environment": "dev"
            },
            "tags_all": {
              "app": "Perseverance",
              "component": "import-moon-lander",
              "environment": "dev"
            },
            "timeouts": null
          },
          "sensitive_attributes": [],
          "private": "eyJlMmJmYjczMC1lY2FhLTExZTYtOGY4OC0zNDM2M2JjN2M0YzAiOnsiZGVsZXRlIjoxMjAwMDAwMDAwMDAwfX0="
        }
      ]
    },
    {
      "module": "module.batch_fargate",
      "mode": "managed",
      "type": "aws_eip",
      "name": "nat_eip",
      "provider": "provider[\"registry.terraform.io/hashicorp/aws\"]",
      "instances": [
        {
          "schema_version": 0,
          "attributes": {
            "address": null,
            "allocation_id": "eipalloc-02e6845348c42ff9d",
            "arn": "arn:aws:ec2:ap-southeast-1:297867106429:elastic-ip/eipalloc-02e6845348c42ff9d",
            "associate_with_private_ip": null,
            "association_id": "",
            "carrier_ip": "",
            "customer_owned_ip": "",
            "customer_owned_ipv4_pool": "",
            "domain": "vpc",
            "id": "eipalloc-02e6845348c42ff9d",
            "instance": "",
            "network_border_group": "ap-southeast-1",
            "network_interface": "",
            "private_dns": null,
            "private_ip": "",
            "ptr_record": "",
            "public_dns": "ec2-54-179-152-18.ap-southeast-1.compute.amazonaws.com",
            "public_ip": "54.179.152.18",
            "public_ipv4_pool": "amazon",
            "tags": {
              "Name": "dev-nat-ip"
            },
            "tags_all": {
              "Name": "dev-nat-ip"
            },
            "timeouts": null,
            "vpc": true
          },
          "sensitive_attributes": [],
          "private": "eyJlMmJmYjczMC1lY2FhLTExZTYtOGY4OC0zNDM2M2JjN2M0YzAiOnsiZGVsZXRlIjoxODAwMDAwMDAwMDAsInJlYWQiOjkwMDAwMDAwMDAwMCwidXBkYXRlIjozMDAwMDAwMDAwMDB9fQ==",
          "dependencies": [
            "module.batch_fargate.aws_internet_gateway.gw",
            "module.batch_fargate.aws_vpc.main"
          ]
        }
      ]
    },
    {
      "module": "module.batch_fargate",
      "mode": "managed",
      "type": "aws_iam_role",
      "name": "batch_service_role",
      "provider": "provider[\"registry.terraform.io/hashicorp/aws\"]",
      "instances": [
        {
          "schema_version": 0,
          "attributes": {
            "arn": "arn:aws:iam::297867106429:role/batch-service-role-dev",
            "assume_role_policy": "{\"Statement\":[{\"Action\":\"sts:AssumeRole\",\"Effect\":\"Allow\",\"Principal\":{\"Service\":\"batch.amazonaws.com\"}}],\"Version\":\"2012-10-17\"}",
            "create_date": "2024-05-26T18:52:25Z",
            "description": "",
            "force_detach_policies": false,
            "id": "batch-service-role-dev",
            "inline_policy": [],
            "managed_policy_arns": [
              "arn:aws:iam::aws:policy/service-role/AWSBatchServiceRole"
            ],
            "max_session_duration": 3600,
            "name": "batch-service-role-dev",
            "name_prefix": "",
            "path": "/",
            "permissions_boundary": "",
            "tags": {
              "app": "Perseverance",
              "component": "import-moon-lander",
              "environment": "dev"
            },
            "tags_all": {
              "app": "Perseverance",
              "component": "import-moon-lander",
              "environment": "dev"
            },
            "unique_id": "AROAUKWSDLB6XYXXSHZXB"
          },
          "sensitive_attributes": [],
          "private": "bnVsbA=="
        }
      ]
    },
    {
      "module": "module.batch_fargate",
      "mode": "managed",
      "type": "aws_iam_role",
      "name": "ecs_task_execution_role",
      "provider": "provider[\"registry.terraform.io/hashicorp/aws\"]",
      "instances": [
        {
          "schema_version": 0,
          "attributes": {
            "arn": "arn:aws:iam::297867106429:role/ecs_instance_role-dev",
            "assume_role_policy": "{\"Statement\":[{\"Action\":\"sts:AssumeRole\",\"Effect\":\"Allow\",\"Principal\":{\"Service\":\"ecs-tasks.amazonaws.com\"}}],\"Version\":\"2012-10-17\"}",
            "create_date": "2024-05-26T18:52:25Z",
            "description": "",
            "force_detach_policies": false,
            "id": "ecs_instance_role-dev",
            "inline_policy": [],
            "managed_policy_arns": [
              "arn:aws:iam::aws:policy/AmazonEC2ContainerRegistryReadOnly",
              "arn:aws:iam::aws:policy/AmazonS3FullAccess",
              "arn:aws:iam::aws:policy/AmazonSSMReadOnlyAccess",
              "arn:aws:iam::aws:policy/SecretsManagerReadWrite",
              "arn:aws:iam::aws:policy/service-role/AmazonECSTaskExecutionRolePolicy"
            ],
            "max_session_duration": 3600,
            "name": "ecs_instance_role-dev",
            "name_prefix": "",
            "path": "/",
            "permissions_boundary": "",
            "tags": null,
            "tags_all": {},
            "unique_id": "AROAUKWSDLB65QKNXO6C3"
          },
          "sensitive_attributes": [],
          "private": "bnVsbA=="
        }
      ]
    },
    {
      "module": "module.batch_fargate",
      "mode": "managed",
      "type": "aws_iam_role",
      "name": "event_rule_batch_execution_role",
      "provider": "provider[\"registry.terraform.io/hashicorp/aws\"]",
      "instances": [
        {
          "schema_version": 0,
          "attributes": {
            "arn": "arn:aws:iam::297867106429:role/event_rule_batch-execution-role-dev",
            "assume_role_policy": "{\"Statement\":[{\"Action\":\"sts:AssumeRole\",\"Effect\":\"Allow\",\"Principal\":{\"Service\":\"events.amazonaws.com\"}}],\"Version\":\"2012-10-17\"}",
            "create_date": "2024-05-26T18:52:25Z",
            "description": "",
            "force_detach_policies": false,
            "id": "event_rule_batch-execution-role-dev",
            "inline_policy": [],
            "managed_policy_arns": [
              "arn:aws:iam::aws:policy/service-role/AWSBatchServiceEventTargetRole"
            ],
            "max_session_duration": 3600,
            "name": "event_rule_batch-execution-role-dev",
            "name_prefix": "",
            "path": "/",
            "permissions_boundary": "",
            "tags": {
              "app": "Perseverance",
              "component": "import-moon-lander",
              "environment": "dev"
            },
            "tags_all": {
              "app": "Perseverance",
              "component": "import-moon-lander",
              "environment": "dev"
            },
            "unique_id": "AROAUKWSDLB62BYCTK7U4"
          },
          "sensitive_attributes": [],
          "private": "bnVsbA=="
        }
      ]
    },
    {
      "module": "module.batch_fargate",
      "mode": "managed",
      "type": "aws_internet_gateway",
      "name": "gw",
      "provider": "provider[\"registry.terraform.io/hashicorp/aws\"]",
      "instances": [
        {
          "schema_version": 0,
          "attributes": {
            "arn": "arn:aws:ec2:ap-southeast-1:297867106429:internet-gateway/igw-0047664d1a3503f4d",
            "id": "igw-0047664d1a3503f4d",
            "owner_id": "297867106429",
            "tags": {
              "Name": "dev-internet-gateway"
            },
            "tags_all": {
              "Name": "dev-internet-gateway"
            },
            "timeouts": null,
            "vpc_id": "vpc-07864d7d5e8d2130d"
          },
          "sensitive_attributes": [],
          "private": "eyJlMmJmYjczMC1lY2FhLTExZTYtOGY4OC0zNDM2M2JjN2M0YzAiOnsiY3JlYXRlIjoxMjAwMDAwMDAwMDAwLCJkZWxldGUiOjEyMDAwMDAwMDAwMDAsInVwZGF0ZSI6MTIwMDAwMDAwMDAwMH19",
          "dependencies": [
            "module.batch_fargate.aws_vpc.main"
          ]
        }
      ]
    },
    {
      "module": "module.batch_fargate",
      "mode": "managed",
      "type": "aws_nat_gateway",
      "name": "nat",
      "provider": "provider[\"registry.terraform.io/hashicorp/aws\"]",
      "instances": [
        {
          "schema_version": 0,
          "attributes": {
            "allocation_id": "eipalloc-02e6845348c42ff9d",
            "association_id": "eipassoc-0e1596d5ed29d2e9e",
            "connectivity_type": "public",
            "id": "nat-04e3db175c8c6b929",
            "network_interface_id": "eni-0e327b9d2a1737212",
            "private_ip": "10.3.5.40",
            "public_ip": "54.179.152.18",
            "secondary_allocation_ids": null,
            "secondary_private_ip_address_count": 0,
            "secondary_private_ip_addresses": [],
            "subnet_id": "subnet-0f1415c460ecc9fb0",
            "tags": {
              "Name": "dev-nat-gateway"
            },
            "tags_all": {
              "Name": "dev-nat-gateway"
            },
            "timeouts": null
          },
          "sensitive_attributes": [],
          "private": "eyJlMmJmYjczMC1lY2FhLTExZTYtOGY4OC0zNDM2M2JjN2M0YzAiOnsiY3JlYXRlIjo2MDAwMDAwMDAwMDAsImRlbGV0ZSI6MTgwMDAwMDAwMDAwMCwidXBkYXRlIjo2MDAwMDAwMDAwMDB9fQ==",
          "dependencies": [
            "module.batch_fargate.aws_eip.nat_eip",
            "module.batch_fargate.aws_internet_gateway.gw",
            "module.batch_fargate.aws_subnet.public_subnets",
            "module.batch_fargate.aws_vpc.main"
          ]
        }
      ]
    },
    {
      "module": "module.batch_fargate",
      "mode": "managed",
      "type": "aws_route_table",
      "name": "private-rt",
      "provider": "provider[\"registry.terraform.io/hashicorp/aws\"]",
      "instances": [
        {
          "schema_version": 0,
          "attributes": {
            "arn": "arn:aws:ec2:ap-southeast-1:297867106429:route-table/rtb-06ebe37f3f9f7e522",
            "id": "rtb-06ebe37f3f9f7e522",
            "owner_id": "297867106429",
            "propagating_vgws": [],
            "route": [
              {
                "carrier_gateway_id": "",
                "cidr_block": "0.0.0.0/0",
                "core_network_arn": "",
                "destination_prefix_list_id": "",
                "egress_only_gateway_id": "",
                "gateway_id": "nat-04e3db175c8c6b929",
                "ipv6_cidr_block": "",
                "local_gateway_id": "",
                "nat_gateway_id": "",
                "network_interface_id": "",
                "transit_gateway_id": "",
                "vpc_endpoint_id": "",
                "vpc_peering_connection_id": ""
              }
            ],
            "tags": {
              "Name": "dev-private-route-table"
            },
            "tags_all": {
              "Name": "dev-private-route-table"
            },
            "timeouts": null,
            "vpc_id": "vpc-07864d7d5e8d2130d"
          },
          "sensitive_attributes": [],
          "private": "eyJlMmJmYjczMC1lY2FhLTExZTYtOGY4OC0zNDM2M2JjN2M0YzAiOnsiY3JlYXRlIjozMDAwMDAwMDAwMDAsImRlbGV0ZSI6MzAwMDAwMDAwMDAwLCJ1cGRhdGUiOjEyMDAwMDAwMDAwMH19",
          "dependencies": [
            "module.batch_fargate.aws_eip.nat_eip",
            "module.batch_fargate.aws_internet_gateway.gw",
            "module.batch_fargate.aws_nat_gateway.nat",
            "module.batch_fargate.aws_subnet.public_subnets",
            "module.batch_fargate.aws_vpc.main"
          ]
        }
      ]
    },
    {
      "module": "module.batch_fargate",
      "mode": "managed",
      "type": "aws_route_table",
      "name": "public-rt",
      "provider": "provider[\"registry.terraform.io/hashicorp/aws\"]",
      "instances": [
        {
          "schema_version": 0,
          "attributes": {
            "arn": "arn:aws:ec2:ap-southeast-1:297867106429:route-table/rtb-043838745451b5724",
            "id": "rtb-043838745451b5724",
            "owner_id": "297867106429",
            "propagating_vgws": [],
            "route": [
              {
                "carrier_gateway_id": "",
                "cidr_block": "0.0.0.0/0",
                "core_network_arn": "",
                "destination_prefix_list_id": "",
                "egress_only_gateway_id": "",
                "gateway_id": "igw-0047664d1a3503f4d",
                "ipv6_cidr_block": "",
                "local_gateway_id": "",
                "nat_gateway_id": "",
                "network_interface_id": "",
                "transit_gateway_id": "",
                "vpc_endpoint_id": "",
                "vpc_peering_connection_id": ""
              }
            ],
            "tags": {
              "Name": "dev-public-route-table"
            },
            "tags_all": {
              "Name": "dev-public-route-table"
            },
            "timeouts": null,
            "vpc_id": "vpc-07864d7d5e8d2130d"
          },
          "sensitive_attributes": [],
          "private": "eyJlMmJmYjczMC1lY2FhLTExZTYtOGY4OC0zNDM2M2JjN2M0YzAiOnsiY3JlYXRlIjozMDAwMDAwMDAwMDAsImRlbGV0ZSI6MzAwMDAwMDAwMDAwLCJ1cGRhdGUiOjEyMDAwMDAwMDAwMH19",
          "dependencies": [
            "module.batch_fargate.aws_internet_gateway.gw",
            "module.batch_fargate.aws_vpc.main"
          ]
        }
      ]
    },
    {
      "module": "module.batch_fargate",
      "mode": "managed",
      "type": "aws_route_table_association",
      "name": "private_subnet_asso",
      "provider": "provider[\"registry.terraform.io/hashicorp/aws\"]",
      "instances": [
        {
          "index_key": 0,
          "schema_version": 0,
          "attributes": {
            "gateway_id": "",
            "id": "rtbassoc-0b9d644af104ebb55",
            "route_table_id": "rtb-06ebe37f3f9f7e522",
            "subnet_id": "subnet-04566c9f25ba6e6ed",
            "timeouts": null
          },
          "sensitive_attributes": [],
          "private": "eyJlMmJmYjczMC1lY2FhLTExZTYtOGY4OC0zNDM2M2JjN2M0YzAiOnsiY3JlYXRlIjozMDAwMDAwMDAwMDAsImRlbGV0ZSI6MzAwMDAwMDAwMDAwLCJ1cGRhdGUiOjEyMDAwMDAwMDAwMH19",
          "dependencies": [
            "module.batch_fargate.aws_eip.nat_eip",
            "module.batch_fargate.aws_internet_gateway.gw",
            "module.batch_fargate.aws_nat_gateway.nat",
            "module.batch_fargate.aws_route_table.private-rt",
            "module.batch_fargate.aws_subnet.private_subnets",
            "module.batch_fargate.aws_subnet.public_subnets",
            "module.batch_fargate.aws_vpc.main"
          ]
        },
        {
          "index_key": 1,
          "schema_version": 0,
          "attributes": {
            "gateway_id": "",
            "id": "rtbassoc-0efd6255f66fe0be8",
            "route_table_id": "rtb-06ebe37f3f9f7e522",
            "subnet_id": "subnet-0189fa39ea07fa487",
            "timeouts": null
          },
          "sensitive_attributes": [],
          "private": "eyJlMmJmYjczMC1lY2FhLTExZTYtOGY4OC0zNDM2M2JjN2M0YzAiOnsiY3JlYXRlIjozMDAwMDAwMDAwMDAsImRlbGV0ZSI6MzAwMDAwMDAwMDAwLCJ1cGRhdGUiOjEyMDAwMDAwMDAwMH19",
          "dependencies": [
            "module.batch_fargate.aws_eip.nat_eip",
            "module.batch_fargate.aws_internet_gateway.gw",
            "module.batch_fargate.aws_nat_gateway.nat",
            "module.batch_fargate.aws_route_table.private-rt",
            "module.batch_fargate.aws_subnet.private_subnets",
            "module.batch_fargate.aws_subnet.public_subnets",
            "module.batch_fargate.aws_vpc.main"
          ]
        },
        {
          "index_key": 2,
          "schema_version": 0,
          "attributes": {
            "gateway_id": "",
            "id": "rtbassoc-06f4a7904a3295df9",
            "route_table_id": "rtb-06ebe37f3f9f7e522",
            "subnet_id": "subnet-0daedf98fa6a25f00",
            "timeouts": null
          },
          "sensitive_attributes": [],
          "private": "eyJlMmJmYjczMC1lY2FhLTExZTYtOGY4OC0zNDM2M2JjN2M0YzAiOnsiY3JlYXRlIjozMDAwMDAwMDAwMDAsImRlbGV0ZSI6MzAwMDAwMDAwMDAwLCJ1cGRhdGUiOjEyMDAwMDAwMDAwMH19",
          "dependencies": [
            "module.batch_fargate.aws_eip.nat_eip",
            "module.batch_fargate.aws_internet_gateway.gw",
            "module.batch_fargate.aws_nat_gateway.nat",
            "module.batch_fargate.aws_route_table.private-rt",
            "module.batch_fargate.aws_subnet.private_subnets",
            "module.batch_fargate.aws_subnet.public_subnets",
            "module.batch_fargate.aws_vpc.main"
          ]
        }
      ]
    },
    {
      "module": "module.batch_fargate",
      "mode": "managed",
      "type": "aws_route_table_association",
      "name": "public_subnet_asso",
      "provider": "provider[\"registry.terraform.io/hashicorp/aws\"]",
      "instances": [
        {
          "index_key": 0,
          "schema_version": 0,
          "attributes": {
            "gateway_id": "",
            "id": "rtbassoc-0e32dfad898300fff",
            "route_table_id": "rtb-043838745451b5724",
            "subnet_id": "subnet-0f1415c460ecc9fb0",
            "timeouts": null
          },
          "sensitive_attributes": [],
          "private": "eyJlMmJmYjczMC1lY2FhLTExZTYtOGY4OC0zNDM2M2JjN2M0YzAiOnsiY3JlYXRlIjozMDAwMDAwMDAwMDAsImRlbGV0ZSI6MzAwMDAwMDAwMDAwLCJ1cGRhdGUiOjEyMDAwMDAwMDAwMH19",
          "dependencies": [
            "module.batch_fargate.aws_internet_gateway.gw",
            "module.batch_fargate.aws_route_table.public-rt",
            "module.batch_fargate.aws_subnet.public_subnets",
            "module.batch_fargate.aws_vpc.main"
          ]
        },
        {
          "index_key": 1,
          "schema_version": 0,
          "attributes": {
            "gateway_id": "",
            "id": "rtbassoc-028f9e0706b6eff5e",
            "route_table_id": "rtb-043838745451b5724",
            "subnet_id": "subnet-001f937f6827fe929",
            "timeouts": null
          },
          "sensitive_attributes": [],
          "private": "eyJlMmJmYjczMC1lY2FhLTExZTYtOGY4OC0zNDM2M2JjN2M0YzAiOnsiY3JlYXRlIjozMDAwMDAwMDAwMDAsImRlbGV0ZSI6MzAwMDAwMDAwMDAwLCJ1cGRhdGUiOjEyMDAwMDAwMDAwMH19",
          "dependencies": [
            "module.batch_fargate.aws_internet_gateway.gw",
            "module.batch_fargate.aws_route_table.public-rt",
            "module.batch_fargate.aws_subnet.public_subnets",
            "module.batch_fargate.aws_vpc.main"
          ]
        },
        {
          "index_key": 2,
          "schema_version": 0,
          "attributes": {
            "gateway_id": "",
            "id": "rtbassoc-05a1d70e8014be520",
            "route_table_id": "rtb-043838745451b5724",
            "subnet_id": "subnet-0aedbe11c062209c2",
            "timeouts": null
          },
          "sensitive_attributes": [],
          "private": "eyJlMmJmYjczMC1lY2FhLTExZTYtOGY4OC0zNDM2M2JjN2M0YzAiOnsiY3JlYXRlIjozMDAwMDAwMDAwMDAsImRlbGV0ZSI6MzAwMDAwMDAwMDAwLCJ1cGRhdGUiOjEyMDAwMDAwMDAwMH19",
          "dependencies": [
            "module.batch_fargate.aws_internet_gateway.gw",
            "module.batch_fargate.aws_route_table.public-rt",
            "module.batch_fargate.aws_subnet.public_subnets",
            "module.batch_fargate.aws_vpc.main"
          ]
        }
      ]
    },
    {
      "module": "module.batch_fargate",
      "mode": "managed",
      "type": "aws_s3_bucket",
      "name": "destination_bucket",
      "provider": "provider[\"registry.terraform.io/hashicorp/aws\"]",
      "instances": [
        {
          "schema_version": 0,
          "attributes": {
            "acceleration_status": "",
            "acl": "private",
            "arn": "arn:aws:s3:::regov-hari-devops-destination",
            "bucket": "regov-hari-devops-destination",
            "bucket_domain_name": "regov-hari-devops-destination.s3.amazonaws.com",
            "bucket_prefix": "",
            "bucket_regional_domain_name": "regov-hari-devops-destination.s3.ap-southeast-1.amazonaws.com",
            "cors_rule": [],
            "force_destroy": false,
            "grant": [
              {
                "id": "99bd48ea0851a5f28d44505ca1223afc9d2aaee4992e21c25912b43d11949ba2",
                "permissions": [
                  "FULL_CONTROL"
                ],
                "type": "CanonicalUser",
                "uri": ""
              }
            ],
            "hosted_zone_id": "Z3O0J2DXBE1FTB",
            "id": "regov-hari-devops-destination",
            "lifecycle_rule": [],
            "logging": [],
            "object_lock_configuration": [],
            "object_lock_enabled": false,
            "policy": "",
            "region": "ap-southeast-1",
            "replication_configuration": [],
            "request_payer": "BucketOwner",
            "server_side_encryption_configuration": [
              {
                "rule": [
                  {
                    "apply_server_side_encryption_by_default": [
                      {
                        "kms_master_key_id": "",
                        "sse_algorithm": "AES256"
                      }
                    ],
                    "bucket_key_enabled": false
                  }
                ]
              }
            ],
            "tags": null,
            "tags_all": {},
            "timeouts": null,
            "versioning": [
              {
                "enabled": false,
                "mfa_delete": false
              }
            ],
            "website": [],
            "website_domain": null,
            "website_endpoint": null
          },
          "sensitive_attributes": [],
          "private": "eyJlMmJmYjczMC1lY2FhLTExZTYtOGY4OC0zNDM2M2JjN2M0YzAiOnsiY3JlYXRlIjoxMjAwMDAwMDAwMDAwLCJkZWxldGUiOjM2MDAwMDAwMDAwMDAsInJlYWQiOjEyMDAwMDAwMDAwMDAsInVwZGF0ZSI6MTIwMDAwMDAwMDAwMH19"
        }
      ]
    },
    {
      "module": "module.batch_fargate",
      "mode": "managed",
      "type": "aws_s3_bucket",
      "name": "source_bucket",
      "provider": "provider[\"registry.terraform.io/hashicorp/aws\"]",
      "instances": [
        {
          "schema_version": 0,
          "attributes": {
            "acceleration_status": "",
            "acl": "private",
            "arn": "arn:aws:s3:::regov-hari-devops-source",
            "bucket": "regov-hari-devops-source",
            "bucket_domain_name": "regov-hari-devops-source.s3.amazonaws.com",
            "bucket_prefix": "",
            "bucket_regional_domain_name": "regov-hari-devops-source.s3.ap-southeast-1.amazonaws.com",
            "cors_rule": [],
            "force_destroy": false,
            "grant": [
              {
                "id": "99bd48ea0851a5f28d44505ca1223afc9d2aaee4992e21c25912b43d11949ba2",
                "permissions": [
                  "FULL_CONTROL"
                ],
                "type": "CanonicalUser",
                "uri": ""
              }
            ],
            "hosted_zone_id": "Z3O0J2DXBE1FTB",
            "id": "regov-hari-devops-source",
            "lifecycle_rule": [],
            "logging": [],
            "object_lock_configuration": [],
            "object_lock_enabled": false,
            "policy": "",
            "region": "ap-southeast-1",
            "replication_configuration": [],
            "request_payer": "BucketOwner",
            "server_side_encryption_configuration": [
              {
                "rule": [
                  {
                    "apply_server_side_encryption_by_default": [
                      {
                        "kms_master_key_id": "",
                        "sse_algorithm": "AES256"
                      }
                    ],
                    "bucket_key_enabled": false
                  }
                ]
              }
            ],
            "tags": null,
            "tags_all": {},
            "timeouts": null,
            "versioning": [
              {
                "enabled": false,
                "mfa_delete": false
              }
            ],
            "website": [],
            "website_domain": null,
            "website_endpoint": null
          },
          "sensitive_attributes": [],
          "private": "eyJlMmJmYjczMC1lY2FhLTExZTYtOGY4OC0zNDM2M2JjN2M0YzAiOnsiY3JlYXRlIjoxMjAwMDAwMDAwMDAwLCJkZWxldGUiOjM2MDAwMDAwMDAwMDAsInJlYWQiOjEyMDAwMDAwMDAwMDAsInVwZGF0ZSI6MTIwMDAwMDAwMDAwMH19"
        }
      ]
    },
    {
      "module": "module.batch_fargate",
      "mode": "managed",
      "type": "aws_security_group",
      "name": "batch_fargate_sg",
      "provider": "provider[\"registry.terraform.io/hashicorp/aws\"]",
      "instances": [
        {
          "schema_version": 1,
          "attributes": {
            "arn": "arn:aws:ec2:ap-southeast-1:297867106429:security-group/sg-0bf72da56a45fb6ab",
            "description": "Security group for AWS Batch Fargate compute environment",
            "egress": [
              {
                "cidr_blocks": [
                  "0.0.0.0/0"
                ],
                "description": "",
                "from_port": 0,
                "ipv6_cidr_blocks": [],
                "prefix_list_ids": [],
                "protocol": "-1",
                "security_groups": [],
                "self": false,
                "to_port": 0
              }
            ],
            "id": "sg-0bf72da56a45fb6ab",
            "ingress": [
              {
                "cidr_blocks": [
                  "0.0.0.0/0"
                ],
                "description": "",
                "from_port": 80,
                "ipv6_cidr_blocks": [],
                "prefix_list_ids": [],
                "protocol": "tcp",
                "security_groups": [],
                "self": false,
                "to_port": 80
              }
            ],
            "name": "batch-fargate-security-group",
            "name_prefix": "",
            "owner_id": "297867106429",
            "revoke_rules_on_delete": false,
            "tags": null,
            "tags_all": {},
            "timeouts": null,
            "vpc_id": "vpc-07864d7d5e8d2130d"
          },
          "sensitive_attributes": [],
          "private": "eyJlMmJmYjczMC1lY2FhLTExZTYtOGY4OC0zNDM2M2JjN2M0YzAiOnsiY3JlYXRlIjo2MDAwMDAwMDAwMDAsImRlbGV0ZSI6OTAwMDAwMDAwMDAwfSwic2NoZW1hX3ZlcnNpb24iOiIxIn0=",
          "dependencies": [
            "module.batch_fargate.aws_vpc.main"
          ]
        }
      ]
    },
    {
      "module": "module.batch_fargate",
      "mode": "managed",
      "type": "aws_subnet",
      "name": "private_subnets",
      "provider": "provider[\"registry.terraform.io/hashicorp/aws\"]",
      "instances": [
        {
          "index_key": 0,
          "schema_version": 1,
          "attributes": {
            "arn": "arn:aws:ec2:ap-southeast-1:297867106429:subnet/subnet-04566c9f25ba6e6ed",
            "assign_ipv6_address_on_creation": false,
            "availability_zone": "ap-southeast-1a",
            "availability_zone_id": "apse1-az1",
            "cidr_block": "10.3.48.0/20",
            "customer_owned_ipv4_pool": "",
            "enable_dns64": false,
            "enable_lni_at_device_index": 0,
            "enable_resource_name_dns_a_record_on_launch": false,
            "enable_resource_name_dns_aaaa_record_on_launch": false,
            "id": "subnet-04566c9f25ba6e6ed",
            "ipv6_cidr_block": "",
            "ipv6_cidr_block_association_id": "",
            "ipv6_native": false,
            "map_customer_owned_ip_on_launch": false,
            "map_public_ip_on_launch": false,
            "outpost_arn": "",
            "owner_id": "297867106429",
            "private_dns_hostname_type_on_launch": "ip-name",
            "tags": {
              "Name": "dev-Private Subnet 1"
            },
            "tags_all": {
              "Name": "dev-Private Subnet 1"
            },
            "timeouts": null,
            "vpc_id": "vpc-07864d7d5e8d2130d"
          },
          "sensitive_attributes": [],
          "private": "eyJlMmJmYjczMC1lY2FhLTExZTYtOGY4OC0zNDM2M2JjN2M0YzAiOnsiY3JlYXRlIjo2MDAwMDAwMDAwMDAsImRlbGV0ZSI6MTIwMDAwMDAwMDAwMH0sInNjaGVtYV92ZXJzaW9uIjoiMSJ9",
          "dependencies": [
            "module.batch_fargate.aws_vpc.main"
          ]
        },
        {
          "index_key": 1,
          "schema_version": 1,
          "attributes": {
            "arn": "arn:aws:ec2:ap-southeast-1:297867106429:subnet/subnet-0189fa39ea07fa487",
            "assign_ipv6_address_on_creation": false,
            "availability_zone": "ap-southeast-1b",
            "availability_zone_id": "apse1-az2",
            "cidr_block": "10.3.64.0/20",
            "customer_owned_ipv4_pool": "",
            "enable_dns64": false,
            "enable_lni_at_device_index": 0,
            "enable_resource_name_dns_a_record_on_launch": false,
            "enable_resource_name_dns_aaaa_record_on_launch": false,
            "id": "subnet-0189fa39ea07fa487",
            "ipv6_cidr_block": "",
            "ipv6_cidr_block_association_id": "",
            "ipv6_native": false,
            "map_customer_owned_ip_on_launch": false,
            "map_public_ip_on_launch": false,
            "outpost_arn": "",
            "owner_id": "297867106429",
            "private_dns_hostname_type_on_launch": "ip-name",
            "tags": {
              "Name": "dev-Private Subnet 2"
            },
            "tags_all": {
              "Name": "dev-Private Subnet 2"
            },
            "timeouts": null,
            "vpc_id": "vpc-07864d7d5e8d2130d"
          },
          "sensitive_attributes": [],
          "private": "eyJlMmJmYjczMC1lY2FhLTExZTYtOGY4OC0zNDM2M2JjN2M0YzAiOnsiY3JlYXRlIjo2MDAwMDAwMDAwMDAsImRlbGV0ZSI6MTIwMDAwMDAwMDAwMH0sInNjaGVtYV92ZXJzaW9uIjoiMSJ9",
          "dependencies": [
            "module.batch_fargate.aws_vpc.main"
          ]
        },
        {
          "index_key": 2,
          "schema_version": 1,
          "attributes": {
            "arn": "arn:aws:ec2:ap-southeast-1:297867106429:subnet/subnet-0daedf98fa6a25f00",
            "assign_ipv6_address_on_creation": false,
            "availability_zone": "ap-southeast-1c",
            "availability_zone_id": "apse1-az3",
            "cidr_block": "10.3.80.0/20",
            "customer_owned_ipv4_pool": "",
            "enable_dns64": false,
            "enable_lni_at_device_index": 0,
            "enable_resource_name_dns_a_record_on_launch": false,
            "enable_resource_name_dns_aaaa_record_on_launch": false,
            "id": "subnet-0daedf98fa6a25f00",
            "ipv6_cidr_block": "",
            "ipv6_cidr_block_association_id": "",
            "ipv6_native": false,
            "map_customer_owned_ip_on_launch": false,
            "map_public_ip_on_launch": false,
            "outpost_arn": "",
            "owner_id": "297867106429",
            "private_dns_hostname_type_on_launch": "ip-name",
            "tags": {
              "Name": "dev-Private Subnet 3"
            },
            "tags_all": {
              "Name": "dev-Private Subnet 3"
            },
            "timeouts": null,
            "vpc_id": "vpc-07864d7d5e8d2130d"
          },
          "sensitive_attributes": [],
          "private": "eyJlMmJmYjczMC1lY2FhLTExZTYtOGY4OC0zNDM2M2JjN2M0YzAiOnsiY3JlYXRlIjo2MDAwMDAwMDAwMDAsImRlbGV0ZSI6MTIwMDAwMDAwMDAwMH0sInNjaGVtYV92ZXJzaW9uIjoiMSJ9",
          "dependencies": [
            "module.batch_fargate.aws_vpc.main"
          ]
        }
      ]
    },
    {
      "module": "module.batch_fargate",
      "mode": "managed",
      "type": "aws_subnet",
      "name": "public_subnets",
      "provider": "provider[\"registry.terraform.io/hashicorp/aws\"]",
      "instances": [
        {
          "index_key": 0,
          "schema_version": 1,
          "attributes": {
            "arn": "arn:aws:ec2:ap-southeast-1:297867106429:subnet/subnet-0f1415c460ecc9fb0",
            "assign_ipv6_address_on_creation": false,
            "availability_zone": "ap-southeast-1a",
            "availability_zone_id": "apse1-az1",
            "cidr_block": "10.3.0.0/20",
            "customer_owned_ipv4_pool": "",
            "enable_dns64": false,
            "enable_lni_at_device_index": 0,
            "enable_resource_name_dns_a_record_on_launch": false,
            "enable_resource_name_dns_aaaa_record_on_launch": false,
            "id": "subnet-0f1415c460ecc9fb0",
            "ipv6_cidr_block": "",
            "ipv6_cidr_block_association_id": "",
            "ipv6_native": false,
            "map_customer_owned_ip_on_launch": false,
            "map_public_ip_on_launch": false,
            "outpost_arn": "",
            "owner_id": "297867106429",
            "private_dns_hostname_type_on_launch": "ip-name",
            "tags": {
              "Name": "dev-Public Subnet 1"
            },
            "tags_all": {
              "Name": "dev-Public Subnet 1"
            },
            "timeouts": null,
            "vpc_id": "vpc-07864d7d5e8d2130d"
          },
          "sensitive_attributes": [],
          "private": "eyJlMmJmYjczMC1lY2FhLTExZTYtOGY4OC0zNDM2M2JjN2M0YzAiOnsiY3JlYXRlIjo2MDAwMDAwMDAwMDAsImRlbGV0ZSI6MTIwMDAwMDAwMDAwMH0sInNjaGVtYV92ZXJzaW9uIjoiMSJ9",
          "dependencies": [
            "module.batch_fargate.aws_vpc.main"
          ]
        },
        {
          "index_key": 1,
          "schema_version": 1,
          "attributes": {
            "arn": "arn:aws:ec2:ap-southeast-1:297867106429:subnet/subnet-001f937f6827fe929",
            "assign_ipv6_address_on_creation": false,
            "availability_zone": "ap-southeast-1b",
            "availability_zone_id": "apse1-az2",
            "cidr_block": "10.3.16.0/20",
            "customer_owned_ipv4_pool": "",
            "enable_dns64": false,
            "enable_lni_at_device_index": 0,
            "enable_resource_name_dns_a_record_on_launch": false,
            "enable_resource_name_dns_aaaa_record_on_launch": false,
            "id": "subnet-001f937f6827fe929",
            "ipv6_cidr_block": "",
            "ipv6_cidr_block_association_id": "",
            "ipv6_native": false,
            "map_customer_owned_ip_on_launch": false,
            "map_public_ip_on_launch": false,
            "outpost_arn": "",
            "owner_id": "297867106429",
            "private_dns_hostname_type_on_launch": "ip-name",
            "tags": {
              "Name": "dev-Public Subnet 2"
            },
            "tags_all": {
              "Name": "dev-Public Subnet 2"
            },
            "timeouts": null,
            "vpc_id": "vpc-07864d7d5e8d2130d"
          },
          "sensitive_attributes": [],
          "private": "eyJlMmJmYjczMC1lY2FhLTExZTYtOGY4OC0zNDM2M2JjN2M0YzAiOnsiY3JlYXRlIjo2MDAwMDAwMDAwMDAsImRlbGV0ZSI6MTIwMDAwMDAwMDAwMH0sInNjaGVtYV92ZXJzaW9uIjoiMSJ9",
          "dependencies": [
            "module.batch_fargate.aws_vpc.main"
          ]
        },
        {
          "index_key": 2,
          "schema_version": 1,
          "attributes": {
            "arn": "arn:aws:ec2:ap-southeast-1:297867106429:subnet/subnet-0aedbe11c062209c2",
            "assign_ipv6_address_on_creation": false,
            "availability_zone": "ap-southeast-1c",
            "availability_zone_id": "apse1-az3",
            "cidr_block": "10.3.32.0/20",
            "customer_owned_ipv4_pool": "",
            "enable_dns64": false,
            "enable_lni_at_device_index": 0,
            "enable_resource_name_dns_a_record_on_launch": false,
            "enable_resource_name_dns_aaaa_record_on_launch": false,
            "id": "subnet-0aedbe11c062209c2",
            "ipv6_cidr_block": "",
            "ipv6_cidr_block_association_id": "",
            "ipv6_native": false,
            "map_customer_owned_ip_on_launch": false,
            "map_public_ip_on_launch": false,
            "outpost_arn": "",
            "owner_id": "297867106429",
            "private_dns_hostname_type_on_launch": "ip-name",
            "tags": {
              "Name": "dev-Public Subnet 3"
            },
            "tags_all": {
              "Name": "dev-Public Subnet 3"
            },
            "timeouts": null,
            "vpc_id": "vpc-07864d7d5e8d2130d"
          },
          "sensitive_attributes": [],
          "private": "eyJlMmJmYjczMC1lY2FhLTExZTYtOGY4OC0zNDM2M2JjN2M0YzAiOnsiY3JlYXRlIjo2MDAwMDAwMDAwMDAsImRlbGV0ZSI6MTIwMDAwMDAwMDAwMH0sInNjaGVtYV92ZXJzaW9uIjoiMSJ9",
          "dependencies": [
            "module.batch_fargate.aws_vpc.main"
          ]
        }
      ]
    },
    {
      "module": "module.batch_fargate",
      "mode": "managed",
      "type": "aws_vpc",
      "name": "main",
      "provider": "provider[\"registry.terraform.io/hashicorp/aws\"]",
      "instances": [
        {
          "schema_version": 1,
          "attributes": {
            "arn": "arn:aws:ec2:ap-southeast-1:297867106429:vpc/vpc-07864d7d5e8d2130d",
            "assign_generated_ipv6_cidr_block": false,
            "cidr_block": "10.3.0.0/16",
            "default_network_acl_id": "acl-0af0bfe1b7f3661a0",
            "default_route_table_id": "rtb-05471e826cf22ca07",
            "default_security_group_id": "sg-011d92d160d075f03",
            "dhcp_options_id": "dopt-043db0b57fbfecb97",
            "enable_dns_hostnames": true,
            "enable_dns_support": true,
            "enable_network_address_usage_metrics": false,
            "id": "vpc-07864d7d5e8d2130d",
            "instance_tenancy": "default",
            "ipv4_ipam_pool_id": null,
            "ipv4_netmask_length": null,
            "ipv6_association_id": "",
            "ipv6_cidr_block": "",
            "ipv6_cidr_block_network_border_group": "",
            "ipv6_ipam_pool_id": "",
            "ipv6_netmask_length": 0,
            "main_route_table_id": "rtb-05471e826cf22ca07",
            "owner_id": "297867106429",
            "tags": {
              "Name": "dev-vpc"
            },
            "tags_all": {
              "Name": "dev-vpc"
            }
          },
          "sensitive_attributes": [],
          "private": "eyJzY2hlbWFfdmVyc2lvbiI6IjEifQ=="
        }
      ]
    },
    {
      "module": "module.codebuild_terraform",
      "mode": "managed",
      "type": "aws_codebuild_project",
      "name": "terraform_codebuild_project",
      "provider": "provider[\"registry.terraform.io/hashicorp/aws\"]",
      "instances": [
        {
          "index_key": 0,
          "schema_version": 0,
          "attributes": {
            "arn": "arn:aws:codebuild:ap-southeast-1:297867106429:project/regov-build",
            "artifacts": [
              {
                "artifact_identifier": "",
                "bucket_owner_access": "",
                "encryption_disabled": false,
                "location": "",
                "name": "regov-build",
                "namespace_type": "",
                "override_artifact_name": false,
                "packaging": "NONE",
                "path": "",
                "type": "CODEPIPELINE"
              }
            ],
            "badge_enabled": false,
            "badge_url": "",
            "build_batch_config": [],
            "build_timeout": 60,
            "cache": [
              {
                "location": "",
                "modes": [],
                "type": "NO_CACHE"
              }
            ],
            "concurrent_build_limit": 0,
            "description": "",
            "encryption_key": "arn:aws:kms:ap-southeast-1:297867106429:key/d3718ca9-15a6-4a84-bebe-88883ab6c7d2",
            "environment": [
              {
                "certificate": "",
                "compute_type": "BUILD_GENERAL1_SMALL",
                "environment_variable": [],
                "image": "aws/codebuild/amazonlinux2-x86_64-standard:3.0",
                "image_pull_credentials_type": "CODEBUILD",
                "privileged_mode": true,
                "registry_credential": [],
                "type": "LINUX_CONTAINER"
              }
            ],
            "file_system_locations": [],
            "id": "arn:aws:codebuild:ap-southeast-1:297867106429:project/regov-build",
            "logs_config": [
              {
                "cloudwatch_logs": [
                  {
                    "group_name": "",
                    "status": "ENABLED",
                    "stream_name": ""
                  }
                ],
                "s3_logs": [
                  {
                    "bucket_owner_access": "",
                    "encryption_disabled": false,
                    "location": "",
                    "status": "DISABLED"
                  }
                ]
              }
            ],
            "name": "regov-build",
            "project_visibility": "PRIVATE",
            "public_project_alias": "",
            "queued_timeout": 480,
            "resource_access_role": "",
            "secondary_artifacts": [],
            "secondary_source_version": [],
            "secondary_sources": [],
            "service_role": "arn:aws:iam::297867106429:role/regov-codepipeline-role",
            "source": [
              {
                "build_status_config": [],
                "buildspec": "./buildspec_build.yml",
                "git_clone_depth": 0,
                "git_submodules_config": [],
                "insecure_ssl": false,
                "location": "",
                "report_build_status": false,
                "type": "CODEPIPELINE"
              }
            ],
            "source_version": "",
            "tags": {
              "Account_ID": "297867106429",
              "Environment": "dev",
              "Project_Name": "regov",
              "Region": "ap-southeast-1"
            },
            "tags_all": {
              "Account_ID": "297867106429",
              "Environment": "dev",
              "Project_Name": "regov",
              "Region": "ap-southeast-1"
            },
            "vpc_config": []
          },
          "sensitive_attributes": [],
          "private": "bnVsbA==",
          "dependencies": [
            "data.aws_caller_identity.current",
            "data.aws_region.current",
            "module.codecommit_infrastructure_source_repo.aws_codecommit_approval_rule_template.source_repository_approval",
            "module.codecommit_infrastructure_source_repo.aws_codecommit_approval_rule_template_association.source_repository_approval_association",
            "module.codecommit_infrastructure_source_repo.aws_codecommit_repository.source_repository",
            "module.codecommit_infrastructure_source_repo.data.aws_codecommit_repository.existing_repository",
            "module.codepipeline_iam_role.aws_iam_role.codepipeline_role",
            "module.codepipeline_iam_role.data.aws_iam_role.existing_codepipeline_role",
            "module.codepipeline_kms.aws_kms_key.encryption_key",
            "module.codepipeline_kms.data.aws_caller_identity.current",
            "module.codepipeline_kms.data.aws_iam_policy_document.kms_key_policy_doc"
          ]
        }
      ]
    },
    {
      "module": "module.codecommit_infrastructure_source_repo",
      "mode": "managed",
      "type": "aws_codecommit_approval_rule_template",
      "name": "source_repository_approval",
      "provider": "provider[\"registry.terraform.io/hashicorp/aws\"]",
      "instances": [
        {
          "index_key": 0,
          "schema_version": 0,
          "attributes": {
            "approval_rule_template_id": "b3ea3651-e433-4def-b2ba-bf1fa8c7fdd1",
            "content": "{\"Version\":\"2018-11-08\",\"DestinationReferences\":[\"refs/heads/main\"],\"Statements\":[{\"Type\":\"Approvers\",\"NumberOfApprovalsNeeded\":2,\"ApprovalPoolMembers\":[\"arn:aws:iam::297867106429:user/terraform\"]}]}",
            "creation_date": "2024-05-26T18:52:24Z",
            "description": "Approval rule template for enabling approval process",
            "id": "terraform-sample-repo-main-Rule",
            "last_modified_date": "2024-05-26T18:52:24Z",
            "last_modified_user": "arn:aws:iam::297867106429:user/terraform",
            "name": "terraform-sample-repo-main-Rule",
            "rule_content_sha256": "ad732fca677dfeeb26f9c7d39f2d241f0daeeee598b80577c12ae9a839d91126"
          },
          "sensitive_attributes": [],
          "private": "bnVsbA=="
        }
      ]
    },
    {
      "module": "module.codecommit_infrastructure_source_repo",
      "mode": "managed",
      "type": "aws_codecommit_approval_rule_template_association",
      "name": "source_repository_approval_association",
      "provider": "provider[\"registry.terraform.io/hashicorp/aws\"]",
      "instances": [
        {
          "index_key": 0,
          "schema_version": 0,
          "attributes": {
            "approval_rule_template_name": "terraform-sample-repo-main-Rule",
            "id": "terraform-sample-repo-main-Rule,terraform-sample-repo",
            "repository_name": "terraform-sample-repo"
          },
          "sensitive_attributes": [],
          "private": "bnVsbA==",
          "dependencies": [
            "data.aws_caller_identity.current",
            "data.aws_region.current",
            "module.codecommit_infrastructure_source_repo.aws_codecommit_approval_rule_template.source_repository_approval",
            "module.codecommit_infrastructure_source_repo.aws_codecommit_repository.source_repository"
          ]
        }
      ]
    },
    {
      "module": "module.codecommit_infrastructure_source_repo",
      "mode": "managed",
      "type": "aws_codecommit_repository",
      "name": "source_repository",
      "provider": "provider[\"registry.terraform.io/hashicorp/aws\"]",
      "instances": [
        {
          "index_key": 0,
          "schema_version": 0,
          "attributes": {
            "arn": "arn:aws:codecommit:ap-southeast-1:297867106429:terraform-sample-repo",
            "clone_url_http": "https://git-codecommit.ap-southeast-1.amazonaws.com/v1/repos/terraform-sample-repo",
            "clone_url_ssh": "ssh://git-codecommit.ap-southeast-1.amazonaws.com/v1/repos/terraform-sample-repo",
            "default_branch": "main",
            "description": "Code Repository for hosting the terraform code and pipeline configuration files",
            "id": "terraform-sample-repo",
            "kms_key_id": "arn:aws:kms:ap-southeast-1:297867106429:key/0e5ae5eb-0ed0-47f1-a0c6-f0db6bf119f5",
            "repository_id": "d306644f-3553-42d8-8d61-b151a2af7ae7",
            "repository_name": "terraform-sample-repo",
            "tags": {
              "Account_ID": "297867106429",
              "Environment": "dev",
              "Project_Name": "regov",
              "Region": "ap-southeast-1"
            },
            "tags_all": {
              "Account_ID": "297867106429",
              "Environment": "dev",
              "Project_Name": "regov",
              "Region": "ap-southeast-1"
            }
          },
          "sensitive_attributes": [],
          "private": "bnVsbA==",
          "dependencies": [
            "data.aws_caller_identity.current",
            "data.aws_region.current"
          ]
        }
      ]
    },
    {
      "module": "module.codepipeline_iam_role",
      "mode": "data",
      "type": "aws_caller_identity",
      "name": "current",
      "provider": "provider[\"registry.terraform.io/hashicorp/aws\"]",
      "instances": [
        {
          "schema_version": 0,
          "attributes": {
            "account_id": "297867106429",
            "arn": "arn:aws:iam::297867106429:user/terraform",
            "id": "297867106429",
            "user_id": "AIDAUKWSDLB6SLDTUS4N4"
          },
          "sensitive_attributes": []
        }
      ]
    },
    {
      "module": "module.codepipeline_iam_role",
      "mode": "data",
      "type": "aws_partition",
      "name": "current",
      "provider": "provider[\"registry.terraform.io/hashicorp/aws\"]",
      "instances": [
        {
          "schema_version": 0,
          "attributes": {
            "dns_suffix": "amazonaws.com",
            "id": "aws",
            "partition": "aws",
            "reverse_dns_prefix": "com.amazonaws"
          },
          "sensitive_attributes": []
        }
      ]
    },
    {
      "module": "module.codepipeline_iam_role",
      "mode": "data",
      "type": "aws_region",
      "name": "current",
      "provider": "provider[\"registry.terraform.io/hashicorp/aws\"]",
      "instances": [
        {
          "schema_version": 0,
          "attributes": {
            "description": "Asia Pacific (Singapore)",
            "endpoint": "ec2.ap-southeast-1.amazonaws.com",
            "id": "ap-southeast-1",
            "name": "ap-southeast-1"
          },
          "sensitive_attributes": []
        }
      ]
    },
    {
      "module": "module.codepipeline_iam_role",
      "mode": "managed",
      "type": "aws_iam_policy",
      "name": "codepipeline_policy",
      "provider": "provider[\"registry.terraform.io/hashicorp/aws\"]",
      "instances": [
        {
          "index_key": 0,
          "schema_version": 0,
          "attributes": {
            "arn": "arn:aws:iam::297867106429:policy/regov-codepipeline-policy",
            "attachment_count": 0,
            "description": "Policy to allow codepipeline to execute",
            "id": "arn:aws:iam::297867106429:policy/regov-codepipeline-policy",
            "name": "regov-codepipeline-policy",
            "name_prefix": "",
            "path": "/",
            "policy": "{\"Statement\":[{\"Action\":[\"s3:GetObject\",\"s3:GetObjectVersion\",\"s3:PutObjectAcl\",\"s3:PutObject\"],\"Effect\":\"Allow\",\"Resource\":\"arn:aws:s3:::hari-regov-1234520240526185225296400000001/*\"},{\"Action\":[\"s3:GetBucketVersioning\"],\"Effect\":\"Allow\",\"Resource\":\"arn:aws:s3:::hari-regov-1234520240526185225296400000001\"},{\"Action\":[\"kms:DescribeKey\",\"kms:GenerateDataKey*\",\"kms:Encrypt\",\"kms:ReEncrypt*\",\"kms:Decrypt\"],\"Effect\":\"Allow\",\"Resource\":\"arn:aws:kms:ap-southeast-1:297867106429:key/d3718ca9-15a6-4a84-bebe-88883ab6c7d2\"},{\"Action\":[\"codecommit:GitPull\",\"codecommit:GitPush\",\"codecommit:GetBranch\",\"codecommit:CreateCommit\",\"codecommit:ListRepositories\",\"codecommit:BatchGetCommits\",\"codecommit:BatchGetRepositories\",\"codecommit:GetCommit\",\"codecommit:GetRepository\",\"codecommit:GetUploadArchiveStatus\",\"codecommit:ListBranches\",\"codecommit:UploadArchive\"],\"Effect\":\"Allow\",\"Resource\":\"arn:aws:codecommit:ap-southeast-1:297867106429:terraform-sample-repo\"},{\"Action\":[\"codebuild:BatchGetBuilds\",\"codebuild:StartBuild\",\"codebuild:BatchGetProjects\"],\"Effect\":\"Allow\",\"Resource\":\"arn:aws:codebuild:ap-southeast-1:297867106429:project/regov*\"},{\"Action\":[\"codebuild:CreateReportGroup\",\"codebuild:CreateReport\",\"codebuild:UpdateReport\",\"codebuild:BatchPutTestCases\"],\"Effect\":\"Allow\",\"Resource\":\"arn:aws:codebuild:ap-southeast-1:297867106429:report-group/regov*\"},{\"Action\":[\"ecr:PutImageTagMutability\",\"ecr:StartImageScan\",\"ecr:DescribeImageReplicationStatus\",\"ecr:ListTagsForResource\",\"ecr:UploadLayerPart\",\"ecr:BatchDeleteImage\",\"ecr:BatchGetRepositoryScanningConfiguration\",\"ecr:DeleteRepository\",\"ecr:CompleteLayerUpload\",\"ecr:DescribeRepositories\",\"ecr:BatchCheckLayerAvailability\",\"ecr:ReplicateImage\",\"ecr:GetLifecyclePolicy\",\"ecr:PutLifecyclePolicy\",\"ecr:DescribeImageScanFindings\",\"ecr:GetLifecyclePolicyPreview\",\"ecr:PutImageScanningConfiguration\",\"ecr:GetDownloadUrlForLayer\",\"ecr:DeleteLifecyclePolicy\",\"ecr:PutImage\",\"ecr:BatchGetImage\",\"ecr:DescribeImages\",\"ecr:StartLifecyclePolicyPreview\",\"ecr:InitiateLayerUpload\",\"ecr:GetRepositoryPolicy\",\"ecr:GetAuthorizationToken\"],\"Effect\":\"Allow\",\"Resource\":\"*\"},{\"Action\":[\"logs:CreateLogGroup\",\"logs:CreateLogStream\",\"logs:PutLogEvents\"],\"Effect\":\"Allow\",\"Resource\":\"arn:aws:logs:ap-southeast-1:297867106429:log-group:*\"}],\"Version\":\"2012-10-17\"}",
            "policy_id": "ANPAUKWSDLB6WULIREEWU",
            "tags": {
              "Account_ID": "297867106429",
              "Environment": "dev",
              "Project_Name": "regov",
              "Region": "ap-southeast-1"
            },
            "tags_all": {
              "Account_ID": "297867106429",
              "Environment": "dev",
              "Project_Name": "regov",
              "Region": "ap-southeast-1"
            }
          },
          "sensitive_attributes": [],
          "private": "bnVsbA==",
          "dependencies": [
            "data.aws_caller_identity.current",
            "data.aws_region.current",
            "module.codepipeline_iam_role.aws_iam_role.codepipeline_role",
            "module.codepipeline_iam_role.data.aws_caller_identity.current",
            "module.codepipeline_iam_role.data.aws_iam_role.existing_codepipeline_role",
            "module.codepipeline_iam_role.data.aws_partition.current",
            "module.codepipeline_iam_role.data.aws_region.current",
            "module.codepipeline_kms.aws_kms_key.encryption_key",
            "module.codepipeline_kms.data.aws_caller_identity.current",
            "module.codepipeline_kms.data.aws_iam_policy_document.kms_key_policy_doc",
            "module.s3_artifacts_bucket.aws_s3_bucket.codepipeline_bucket"
          ]
        }
      ]
    },
    {
      "module": "module.codepipeline_iam_role",
      "mode": "managed",
      "type": "aws_iam_role",
      "name": "codepipeline_role",
      "provider": "provider[\"registry.terraform.io/hashicorp/aws\"]",
      "instances": [
        {
          "index_key": 0,
          "schema_version": 0,
          "attributes": {
            "arn": "arn:aws:iam::297867106429:role/regov-codepipeline-role",
            "assume_role_policy": "{\"Statement\":[{\"Action\":\"sts:AssumeRole\",\"Effect\":\"Allow\",\"Principal\":{\"Service\":\"codepipeline.amazonaws.com\"}},{\"Action\":\"sts:AssumeRole\",\"Effect\":\"Allow\",\"Principal\":{\"Service\":\"codebuild.amazonaws.com\"}}],\"Version\":\"2012-10-17\"}",
            "create_date": "2024-05-26T18:52:25Z",
            "description": "",
            "force_detach_policies": false,
            "id": "regov-codepipeline-role",
            "inline_policy": [],
            "managed_policy_arns": [],
            "max_session_duration": 3600,
            "name": "regov-codepipeline-role",
            "name_prefix": "",
            "path": "/",
            "permissions_boundary": "",
            "tags": {
              "Account_ID": "297867106429",
              "Environment": "dev",
              "Project_Name": "regov",
              "Region": "ap-southeast-1"
            },
            "tags_all": {
              "Account_ID": "297867106429",
              "Environment": "dev",
              "Project_Name": "regov",
              "Region": "ap-southeast-1"
            },
            "unique_id": "AROAUKWSDLB65A5IUVTVR"
          },
          "sensitive_attributes": [],
          "private": "bnVsbA==",
          "dependencies": [
            "data.aws_caller_identity.current",
            "data.aws_region.current"
          ]
        }
      ]
    },
    {
      "module": "module.codepipeline_iam_role",
      "mode": "managed",
      "type": "aws_iam_role_policy_attachment",
      "name": "codepipeline_role_attach",
      "provider": "provider[\"registry.terraform.io/hashicorp/aws\"]",
      "instances": [
        {
          "index_key": 0,
          "schema_version": 0,
          "attributes": {
            "id": "regov-codepipeline-role-20240526185251691100000004",
            "policy_arn": "arn:aws:iam::297867106429:policy/regov-codepipeline-policy",
            "role": "regov-codepipeline-role"
          },
          "sensitive_attributes": [],
          "private": "bnVsbA==",
          "dependencies": [
            "data.aws_caller_identity.current",
            "data.aws_region.current",
            "module.codepipeline_iam_role.aws_iam_policy.codepipeline_policy",
            "module.codepipeline_iam_role.aws_iam_role.codepipeline_role",
            "module.codepipeline_iam_role.data.aws_caller_identity.current",
            "module.codepipeline_iam_role.data.aws_iam_role.existing_codepipeline_role",
            "module.codepipeline_iam_role.data.aws_partition.current",
            "module.codepipeline_iam_role.data.aws_region.current",
            "module.codepipeline_kms.aws_kms_key.encryption_key",
            "module.codepipeline_kms.data.aws_caller_identity.current",
            "module.codepipeline_kms.data.aws_iam_policy_document.kms_key_policy_doc",
            "module.s3_artifacts_bucket.aws_s3_bucket.codepipeline_bucket"
          ]
        }
      ]
    },
    {
      "module": "module.codepipeline_kms",
      "mode": "data",
      "type": "aws_caller_identity",
      "name": "current",
      "provider": "provider[\"registry.terraform.io/hashicorp/aws\"]",
      "instances": [
        {
          "schema_version": 0,
          "attributes": {
            "account_id": "297867106429",
            "arn": "arn:aws:iam::297867106429:user/terraform",
            "id": "297867106429",
            "user_id": "AIDAUKWSDLB6SLDTUS4N4"
          },
          "sensitive_attributes": []
        }
      ]
    },
    {
      "module": "module.codepipeline_kms",
      "mode": "data",
      "type": "aws_iam_policy_document",
      "name": "kms_key_policy_doc",
      "provider": "provider[\"registry.terraform.io/hashicorp/aws\"]",
      "instances": [
        {
          "schema_version": 0,
          "attributes": {
            "id": "740891570",
            "json": "{\n  \"Version\": \"2012-10-17\",\n  \"Statement\": [\n    {\n      \"Sid\": \"Enable IAM User Permissions\",\n      \"Effect\": \"Allow\",\n      \"Action\": \"kms:*\",\n      \"Resource\": \"*\",\n      \"Principal\": {\n        \"AWS\": \"arn:aws:iam::297867106429:root\"\n      }\n    },\n    {\n      \"Sid\": \"Allow access for Key Administrators\",\n      \"Effect\": \"Allow\",\n      \"Action\": \"kms:*\",\n      \"Resource\": \"*\",\n      \"Principal\": {\n        \"AWS\": \"arn:aws:iam::297867106429:role/regov-codepipeline-role\"\n      }\n    },\n    {\n      \"Sid\": \"Allow use of the key\",\n      \"Effect\": \"Allow\",\n      \"Action\": [\n        \"kms:ReEncrypt*\",\n        \"kms:GenerateDataKey*\",\n        \"kms:Encrypt\",\n        \"kms:DescribeKey\",\n        \"kms:Decrypt\"\n      ],\n      \"Resource\": \"*\",\n      \"Principal\": {\n        \"AWS\": \"arn:aws:iam::297867106429:role/regov-codepipeline-role\"\n      }\n    },\n    {\n      \"Sid\": \"Allow attachment of persistent resources\",\n      \"Effect\": \"Allow\",\n      \"Action\": [\n        \"kms:RevokeGrant\",\n        \"kms:ListGrants\",\n        \"kms:CreateGrant\"\n      ],\n      \"Resource\": \"*\",\n      \"Principal\": {\n        \"AWS\": \"arn:aws:iam::297867106429:role/regov-codepipeline-role\"\n      },\n      \"Condition\": {\n        \"Bool\": {\n          \"kms:GrantIsForAWSResource\": \"true\"\n        }\n      }\n    }\n  ]\n}",
            "minified_json": "{\"Version\":\"2012-10-17\",\"Statement\":[{\"Sid\":\"Enable IAM User Permissions\",\"Effect\":\"Allow\",\"Action\":\"kms:*\",\"Resource\":\"*\",\"Principal\":{\"AWS\":\"arn:aws:iam::297867106429:root\"}},{\"Sid\":\"Allow access for Key Administrators\",\"Effect\":\"Allow\",\"Action\":\"kms:*\",\"Resource\":\"*\",\"Principal\":{\"AWS\":\"arn:aws:iam::297867106429:role/regov-codepipeline-role\"}},{\"Sid\":\"Allow use of the key\",\"Effect\":\"Allow\",\"Action\":[\"kms:ReEncrypt*\",\"kms:GenerateDataKey*\",\"kms:Encrypt\",\"kms:DescribeKey\",\"kms:Decrypt\"],\"Resource\":\"*\",\"Principal\":{\"AWS\":\"arn:aws:iam::297867106429:role/regov-codepipeline-role\"}},{\"Sid\":\"Allow attachment of persistent resources\",\"Effect\":\"Allow\",\"Action\":[\"kms:RevokeGrant\",\"kms:ListGrants\",\"kms:CreateGrant\"],\"Resource\":\"*\",\"Principal\":{\"AWS\":\"arn:aws:iam::297867106429:role/regov-codepipeline-role\"},\"Condition\":{\"Bool\":{\"kms:GrantIsForAWSResource\":\"true\"}}}]}",
            "override_json": null,
            "override_policy_documents": null,
            "policy_id": null,
            "source_json": null,
            "source_policy_documents": null,
            "statement": [
              {
                "actions": [
                  "kms:*"
                ],
                "condition": [],
                "effect": "Allow",
                "not_actions": [],
                "not_principals": [],
                "not_resources": [],
                "principals": [
                  {
                    "identifiers": [
                      "arn:aws:iam::297867106429:root"
                    ],
                    "type": "AWS"
                  }
                ],
                "resources": [
                  "*"
                ],
                "sid": "Enable IAM User Permissions"
              },
              {
                "actions": [
                  "kms:*"
                ],
                "condition": [],
                "effect": "Allow",
                "not_actions": [],
                "not_principals": [],
                "not_resources": [],
                "principals": [
                  {
                    "identifiers": [
                      "arn:aws:iam::297867106429:role/regov-codepipeline-role"
                    ],
                    "type": "AWS"
                  }
                ],
                "resources": [
                  "*"
                ],
                "sid": "Allow access for Key Administrators"
              },
              {
                "actions": [
                  "kms:Decrypt",
                  "kms:DescribeKey",
                  "kms:Encrypt",
                  "kms:GenerateDataKey*",
                  "kms:ReEncrypt*"
                ],
                "condition": [],
                "effect": "Allow",
                "not_actions": [],
                "not_principals": [],
                "not_resources": [],
                "principals": [
                  {
                    "identifiers": [
                      "arn:aws:iam::297867106429:role/regov-codepipeline-role"
                    ],
                    "type": "AWS"
                  }
                ],
                "resources": [
                  "*"
                ],
                "sid": "Allow use of the key"
              },
              {
                "actions": [
                  "kms:CreateGrant",
                  "kms:ListGrants",
                  "kms:RevokeGrant"
                ],
                "condition": [
                  {
                    "test": "Bool",
                    "values": [
                      "true"
                    ],
                    "variable": "kms:GrantIsForAWSResource"
                  }
                ],
                "effect": "Allow",
                "not_actions": [],
                "not_principals": [],
                "not_resources": [],
                "principals": [
                  {
                    "identifiers": [
                      "arn:aws:iam::297867106429:role/regov-codepipeline-role"
                    ],
                    "type": "AWS"
                  }
                ],
                "resources": [
                  "*"
                ],
                "sid": "Allow attachment of persistent resources"
              }
            ],
            "version": "2012-10-17"
          },
          "sensitive_attributes": []
        }
      ]
    },
    {
      "module": "module.codepipeline_kms",
      "mode": "data",
      "type": "aws_region",
      "name": "current",
      "provider": "provider[\"registry.terraform.io/hashicorp/aws\"]",
      "instances": [
        {
          "schema_version": 0,
          "attributes": {
            "description": "Asia Pacific (Singapore)",
            "endpoint": "ec2.ap-southeast-1.amazonaws.com",
            "id": "ap-southeast-1",
            "name": "ap-southeast-1"
          },
          "sensitive_attributes": []
        }
      ]
    },
    {
      "module": "module.codepipeline_kms",
      "mode": "managed",
      "type": "aws_kms_key",
      "name": "encryption_key",
      "provider": "provider[\"registry.terraform.io/hashicorp/aws\"]",
      "instances": [
        {
          "schema_version": 0,
          "attributes": {
            "arn": "arn:aws:kms:ap-southeast-1:297867106429:key/d3718ca9-15a6-4a84-bebe-88883ab6c7d2",
            "bypass_policy_lockout_safety_check": false,
            "custom_key_store_id": "",
            "customer_master_key_spec": "SYMMETRIC_DEFAULT",
            "deletion_window_in_days": 10,
            "description": "This key is used to encrypt bucket objects",
            "enable_key_rotation": true,
            "id": "d3718ca9-15a6-4a84-bebe-88883ab6c7d2",
            "is_enabled": true,
            "key_id": "d3718ca9-15a6-4a84-bebe-88883ab6c7d2",
            "key_usage": "ENCRYPT_DECRYPT",
            "multi_region": false,
            "policy": "{\"Statement\":[{\"Action\":\"kms:*\",\"Effect\":\"Allow\",\"Principal\":{\"AWS\":\"arn:aws:iam::297867106429:root\"},\"Resource\":\"*\",\"Sid\":\"Enable IAM User Permissions\"},{\"Action\":\"kms:*\",\"Effect\":\"Allow\",\"Principal\":{\"AWS\":\"arn:aws:iam::297867106429:role/regov-codepipeline-role\"},\"Resource\":\"*\",\"Sid\":\"Allow access for Key Administrators\"},{\"Action\":[\"kms:ReEncrypt*\",\"kms:GenerateDataKey*\",\"kms:Encrypt\",\"kms:DescribeKey\",\"kms:Decrypt\"],\"Effect\":\"Allow\",\"Principal\":{\"AWS\":\"arn:aws:iam::297867106429:role/regov-codepipeline-role\"},\"Resource\":\"*\",\"Sid\":\"Allow use of the key\"},{\"Action\":[\"kms:RevokeGrant\",\"kms:ListGrants\",\"kms:CreateGrant\"],\"Condition\":{\"Bool\":{\"kms:GrantIsForAWSResource\":\"true\"}},\"Effect\":\"Allow\",\"Principal\":{\"AWS\":\"arn:aws:iam::297867106429:role/regov-codepipeline-role\"},\"Resource\":\"*\",\"Sid\":\"Allow attachment of persistent resources\"}],\"Version\":\"2012-10-17\"}",
            "rotation_period_in_days": 365,
            "tags": {
              "Account_ID": "297867106429",
              "Environment": "dev",
              "Project_Name": "regov",
              "Region": "ap-southeast-1"
            },
            "tags_all": {
              "Account_ID": "297867106429",
              "Environment": "dev",
              "Project_Name": "regov",
              "Region": "ap-southeast-1"
            },
            "timeouts": null,
            "xks_key_id": ""
          },
          "sensitive_attributes": [],
          "private": "eyJlMmJmYjczMC1lY2FhLTExZTYtOGY4OC0zNDM2M2JjN2M0YzAiOnsiY3JlYXRlIjoxMjAwMDAwMDAwMDB9fQ==",
          "dependencies": [
            "data.aws_caller_identity.current",
            "data.aws_region.current",
            "module.codepipeline_iam_role.aws_iam_role.codepipeline_role",
            "module.codepipeline_iam_role.data.aws_iam_role.existing_codepipeline_role",
            "module.codepipeline_kms.data.aws_caller_identity.current",
            "module.codepipeline_kms.data.aws_iam_policy_document.kms_key_policy_doc"
          ]
        }
      ]
    },
    {
      "module": "module.codepipeline_terraform",
      "mode": "managed",
      "type": "aws_codepipeline",
      "name": "terraform_pipeline",
      "provider": "provider[\"registry.terraform.io/hashicorp/aws\"]",
      "instances": [
        {
          "schema_version": 0,
          "attributes": {
            "arn": "arn:aws:codepipeline:ap-southeast-1:297867106429:regov-pipeline",
            "artifact_store": [
              {
                "encryption_key": [
                  {
                    "id": "arn:aws:kms:ap-southeast-1:297867106429:key/d3718ca9-15a6-4a84-bebe-88883ab6c7d2",
                    "type": "KMS"
                  }
                ],
                "location": "hari-regov-1234520240526185225296400000001",
                "region": "",
                "type": "S3"
              }
            ],
            "execution_mode": "SUPERSEDED",
            "id": "regov-pipeline",
            "name": "regov-pipeline",
            "pipeline_type": "V1",
            "role_arn": "arn:aws:iam::297867106429:role/regov-codepipeline-role",
            "stage": [
              {
                "action": [
                  {
                    "category": "Source",
                    "configuration": {
                      "BranchName": "main",
                      "PollForSourceChanges": "true",
                      "RepositoryName": "terraform-sample-repo"
                    },
                    "input_artifacts": null,
                    "name": "Download-Source",
                    "namespace": "SourceVariables",
                    "output_artifacts": [
                      "SourceOutput"
                    ],
                    "owner": "AWS",
                    "provider": "CodeCommit",
                    "region": "",
                    "role_arn": "",
                    "run_order": 1,
                    "version": "1"
                  }
                ],
                "name": "Source"
              },
              {
                "action": [
                  {
                    "category": "Test",
                    "configuration": {
                      "ProjectName": "regov-build"
                    },
                    "input_artifacts": [
                      "SourceOutput"
                    ],
                    "name": "Action-build",
                    "namespace": "",
                    "output_artifacts": [
                      "ValidateOutput"
                    ],
                    "owner": "AWS",
                    "provider": "CodeBuild",
                    "region": "",
                    "role_arn": "",
                    "run_order": 2,
                    "version": "1"
                  }
                ],
                "name": "Stage-build"
              }
            ],
            "tags": {
              "Account_ID": "297867106429",
              "Environment": "dev",
              "Project_Name": "regov",
              "Region": "ap-southeast-1"
            },
            "tags_all": {
              "Account_ID": "297867106429",
              "Environment": "dev",
              "Project_Name": "regov",
              "Region": "ap-southeast-1"
            },
            "trigger": [],
            "variable": []
          },
          "sensitive_attributes": [],
          "private": "bnVsbA==",
          "dependencies": [
            "data.aws_caller_identity.current",
            "data.aws_region.current",
            "module.codebuild_terraform.aws_codebuild_project.terraform_codebuild_project",
            "module.codecommit_infrastructure_source_repo.aws_codecommit_approval_rule_template.source_repository_approval",
            "module.codecommit_infrastructure_source_repo.aws_codecommit_approval_rule_template_association.source_repository_approval_association",
            "module.codecommit_infrastructure_source_repo.aws_codecommit_repository.source_repository",
            "module.codecommit_infrastructure_source_repo.data.aws_codecommit_repository.existing_repository",
            "module.codepipeline_iam_role.aws_iam_role.codepipeline_role",
            "module.codepipeline_iam_role.data.aws_iam_role.existing_codepipeline_role",
            "module.codepipeline_kms.aws_kms_key.encryption_key",
            "module.codepipeline_kms.data.aws_caller_identity.current",
            "module.codepipeline_kms.data.aws_iam_policy_document.kms_key_policy_doc",
            "module.s3_artifacts_bucket.aws_s3_bucket.codepipeline_bucket",
            "module.s3_artifacts_bucket.aws_s3_bucket_logging.codepipeline_bucket_logging",
            "module.s3_artifacts_bucket.aws_s3_bucket_policy.bucket_policy_codepipeline_bucket",
            "module.s3_artifacts_bucket.aws_s3_bucket_public_access_block.codepipeline_bucket_access",
            "module.s3_artifacts_bucket.aws_s3_bucket_server_side_encryption_configuration.codepipeline_bucket_encryption",
            "module.s3_artifacts_bucket.aws_s3_bucket_versioning.codepipeline_bucket_versioning",
            "module.s3_artifacts_bucket.data.aws_iam_policy_document.bucket_policy_doc_codepipeline_bucket"
          ]
        }
      ]
    },
    {
      "module": "module.s3_artifacts_bucket",
      "mode": "data",
      "type": "aws_iam_policy_document",
      "name": "bucket_policy_doc_codepipeline_bucket",
      "provider": "provider[\"registry.terraform.io/hashicorp/aws\"]",
      "instances": [
        {
          "schema_version": 0,
          "attributes": {
            "id": "693788781",
            "json": "{\n  \"Version\": \"2012-10-17\",\n  \"Statement\": [\n    {\n      \"Effect\": \"Allow\",\n      \"Action\": [\n        \"s3:RestoreObject\",\n        \"s3:ReplicateObject\",\n        \"s3:PutObjectVersionTagging\",\n        \"s3:PutObjectTagging\",\n        \"s3:PutObjectAcl\",\n        \"s3:PutObject\",\n        \"s3:List*\",\n        \"s3:Get*\"\n      ],\n      \"Resource\": [\n        \"arn:aws:s3:::hari-regov-1234520240526185225296400000001/*\",\n        \"arn:aws:s3:::hari-regov-1234520240526185225296400000001\"\n      ],\n      \"Principal\": {\n        \"AWS\": \"arn:aws:iam::297867106429:role/regov-codepipeline-role\"\n      }\n    }\n  ]\n}",
            "minified_json": "{\"Version\":\"2012-10-17\",\"Statement\":[{\"Effect\":\"Allow\",\"Action\":[\"s3:RestoreObject\",\"s3:ReplicateObject\",\"s3:PutObjectVersionTagging\",\"s3:PutObjectTagging\",\"s3:PutObjectAcl\",\"s3:PutObject\",\"s3:List*\",\"s3:Get*\"],\"Resource\":[\"arn:aws:s3:::hari-regov-1234520240526185225296400000001/*\",\"arn:aws:s3:::hari-regov-1234520240526185225296400000001\"],\"Principal\":{\"AWS\":\"arn:aws:iam::297867106429:role/regov-codepipeline-role\"}}]}",
            "override_json": null,
            "override_policy_documents": null,
            "policy_id": null,
            "source_json": null,
            "source_policy_documents": null,
            "statement": [
              {
                "actions": [
                  "s3:Get*",
                  "s3:List*",
                  "s3:PutObject",
                  "s3:PutObjectAcl",
                  "s3:PutObjectTagging",
                  "s3:PutObjectVersionTagging",
                  "s3:ReplicateObject",
                  "s3:RestoreObject"
                ],
                "condition": [],
                "effect": "Allow",
                "not_actions": [],
                "not_principals": [],
                "not_resources": [],
                "principals": [
                  {
                    "identifiers": [
                      "arn:aws:iam::297867106429:role/regov-codepipeline-role"
                    ],
                    "type": "AWS"
                  }
                ],
                "resources": [
                  "arn:aws:s3:::hari-regov-1234520240526185225296400000001",
                  "arn:aws:s3:::hari-regov-1234520240526185225296400000001/*"
                ],
                "sid": ""
              }
            ],
            "version": "2012-10-17"
          },
          "sensitive_attributes": []
        }
      ]
    },
    {
      "module": "module.s3_artifacts_bucket",
      "mode": "managed",
      "type": "aws_s3_bucket",
      "name": "codepipeline_bucket",
      "provider": "provider[\"registry.terraform.io/hashicorp/aws\"]",
      "instances": [
        {
          "schema_version": 0,
          "attributes": {
            "acceleration_status": "",
            "acl": null,
            "arn": "arn:aws:s3:::hari-regov-1234520240526185225296400000001",
            "bucket": "hari-regov-1234520240526185225296400000001",
            "bucket_domain_name": "hari-regov-1234520240526185225296400000001.s3.amazonaws.com",
            "bucket_prefix": "hari-regov-12345",
            "bucket_regional_domain_name": "hari-regov-1234520240526185225296400000001.s3.ap-southeast-1.amazonaws.com",
            "cors_rule": [],
            "force_destroy": true,
            "grant": [
              {
                "id": "99bd48ea0851a5f28d44505ca1223afc9d2aaee4992e21c25912b43d11949ba2",
                "permissions": [
                  "FULL_CONTROL"
                ],
                "type": "CanonicalUser",
                "uri": ""
              }
            ],
            "hosted_zone_id": "Z3O0J2DXBE1FTB",
            "id": "hari-regov-1234520240526185225296400000001",
            "lifecycle_rule": [],
            "logging": [],
            "object_lock_configuration": [],
            "object_lock_enabled": false,
            "policy": "",
            "region": "ap-southeast-1",
            "replication_configuration": [],
            "request_payer": "BucketOwner",
            "server_side_encryption_configuration": [
              {
                "rule": [
                  {
                    "apply_server_side_encryption_by_default": [
                      {
                        "kms_master_key_id": "",
                        "sse_algorithm": "AES256"
                      }
                    ],
                    "bucket_key_enabled": false
                  }
                ]
              }
            ],
            "tags": {
              "Account_ID": "297867106429",
              "Environment": "dev",
              "Project_Name": "regov",
              "Region": "ap-southeast-1"
            },
            "tags_all": {
              "Account_ID": "297867106429",
              "Environment": "dev",
              "Project_Name": "regov",
              "Region": "ap-southeast-1"
            },
            "timeouts": null,
            "versioning": [
              {
                "enabled": false,
                "mfa_delete": false
              }
            ],
            "website": [],
            "website_domain": null,
            "website_endpoint": null
          },
          "sensitive_attributes": [],
          "private": "eyJlMmJmYjczMC1lY2FhLTExZTYtOGY4OC0zNDM2M2JjN2M0YzAiOnsiY3JlYXRlIjoxMjAwMDAwMDAwMDAwLCJkZWxldGUiOjM2MDAwMDAwMDAwMDAsInJlYWQiOjEyMDAwMDAwMDAwMDAsInVwZGF0ZSI6MTIwMDAwMDAwMDAwMH19",
          "dependencies": [
            "data.aws_caller_identity.current",
            "data.aws_region.current"
          ]
        }
      ]
    },
    {
      "module": "module.s3_artifacts_bucket",
      "mode": "managed",
      "type": "aws_s3_bucket_logging",
      "name": "codepipeline_bucket_logging",
      "provider": "provider[\"registry.terraform.io/hashicorp/aws\"]",
      "instances": [
        {
          "schema_version": 0,
          "attributes": {
            "bucket": "hari-regov-1234520240526185225296400000001",
            "expected_bucket_owner": "",
            "id": "hari-regov-1234520240526185225296400000001",
            "target_bucket": "hari-regov-1234520240526185225296400000001",
            "target_grant": [],
            "target_object_key_format": [],
            "target_prefix": "log/"
          },
          "sensitive_attributes": [],
          "private": "bnVsbA==",
          "dependencies": [
            "data.aws_caller_identity.current",
            "data.aws_region.current",
            "module.s3_artifacts_bucket.aws_s3_bucket.codepipeline_bucket"
          ]
        }
      ]
    },
    {
      "module": "module.s3_artifacts_bucket",
      "mode": "managed",
      "type": "aws_s3_bucket_policy",
      "name": "bucket_policy_codepipeline_bucket",
      "provider": "provider[\"registry.terraform.io/hashicorp/aws\"]",
      "instances": [
        {
          "schema_version": 0,
          "attributes": {
            "bucket": "hari-regov-1234520240526185225296400000001",
            "id": "hari-regov-1234520240526185225296400000001",
            "policy": "{\"Statement\":[{\"Action\":[\"s3:RestoreObject\",\"s3:ReplicateObject\",\"s3:PutObjectVersionTagging\",\"s3:PutObjectTagging\",\"s3:PutObjectAcl\",\"s3:PutObject\",\"s3:List*\",\"s3:Get*\"],\"Effect\":\"Allow\",\"Principal\":{\"AWS\":\"arn:aws:iam::297867106429:role/regov-codepipeline-role\"},\"Resource\":[\"arn:aws:s3:::hari-regov-1234520240526185225296400000001/*\",\"arn:aws:s3:::hari-regov-1234520240526185225296400000001\"]}],\"Version\":\"2012-10-17\"}"
          },
          "sensitive_attributes": [],
          "private": "bnVsbA==",
          "dependencies": [
            "data.aws_caller_identity.current",
            "data.aws_region.current",
            "module.codepipeline_iam_role.aws_iam_role.codepipeline_role",
            "module.codepipeline_iam_role.data.aws_iam_role.existing_codepipeline_role",
            "module.s3_artifacts_bucket.aws_s3_bucket.codepipeline_bucket",
            "module.s3_artifacts_bucket.data.aws_iam_policy_document.bucket_policy_doc_codepipeline_bucket"
          ]
        }
      ]
    },
    {
      "module": "module.s3_artifacts_bucket",
      "mode": "managed",
      "type": "aws_s3_bucket_public_access_block",
      "name": "codepipeline_bucket_access",
      "provider": "provider[\"registry.terraform.io/hashicorp/aws\"]",
      "instances": [
        {
          "schema_version": 0,
          "attributes": {
            "block_public_acls": true,
            "block_public_policy": true,
            "bucket": "hari-regov-1234520240526185225296400000001",
            "id": "hari-regov-1234520240526185225296400000001",
            "ignore_public_acls": true,
            "restrict_public_buckets": true
          },
          "sensitive_attributes": [],
          "private": "bnVsbA==",
          "dependencies": [
            "data.aws_caller_identity.current",
            "data.aws_region.current",
            "module.s3_artifacts_bucket.aws_s3_bucket.codepipeline_bucket"
          ]
        }
      ]
    },
    {
      "module": "module.s3_artifacts_bucket",
      "mode": "managed",
      "type": "aws_s3_bucket_server_side_encryption_configuration",
      "name": "codepipeline_bucket_encryption",
      "provider": "provider[\"registry.terraform.io/hashicorp/aws\"]",
      "instances": [
        {
          "schema_version": 0,
          "attributes": {
            "bucket": "hari-regov-1234520240526185225296400000001",
            "expected_bucket_owner": "",
            "id": "hari-regov-1234520240526185225296400000001",
            "rule": [
              {
                "apply_server_side_encryption_by_default": [
                  {
                    "kms_master_key_id": "arn:aws:kms:ap-southeast-1:297867106429:key/d3718ca9-15a6-4a84-bebe-88883ab6c7d2",
                    "sse_algorithm": "aws:kms"
                  }
                ],
                "bucket_key_enabled": null
              }
            ]
          },
          "sensitive_attributes": [],
          "private": "bnVsbA==",
          "dependencies": [
            "data.aws_caller_identity.current",
            "data.aws_region.current",
            "module.codepipeline_iam_role.aws_iam_role.codepipeline_role",
            "module.codepipeline_iam_role.data.aws_iam_role.existing_codepipeline_role",
            "module.codepipeline_kms.aws_kms_key.encryption_key",
            "module.codepipeline_kms.data.aws_caller_identity.current",
            "module.codepipeline_kms.data.aws_iam_policy_document.kms_key_policy_doc",
            "module.s3_artifacts_bucket.aws_s3_bucket.codepipeline_bucket"
          ]
        }
      ]
    },
    {
      "module": "module.s3_artifacts_bucket",
      "mode": "managed",
      "type": "aws_s3_bucket_versioning",
      "name": "codepipeline_bucket_versioning",
      "provider": "provider[\"registry.terraform.io/hashicorp/aws\"]",
      "instances": [
        {
          "schema_version": 0,
          "attributes": {
            "bucket": "hari-regov-1234520240526185225296400000001",
            "expected_bucket_owner": "",
            "id": "hari-regov-1234520240526185225296400000001",
            "mfa": null,
            "versioning_configuration": [
              {
                "mfa_delete": "",
                "status": "Enabled"
              }
            ]
          },
          "sensitive_attributes": [],
          "private": "bnVsbA==",
          "dependencies": [
            "data.aws_caller_identity.current",
            "data.aws_region.current",
            "module.s3_artifacts_bucket.aws_s3_bucket.codepipeline_bucket"
          ]
        }
      ]
    }
  ],
  "check_results": null
}
